// !$*UTF8*$!
{
	archiveVersion = 1;
	classes = {
	};
	objectVersion = 46;
	objects = {

/* Begin PBXBuildFile section */
		3D0DAC0715BBFF2300B27BBC /* widgets.plist in Resources */ = {isa = PBXBuildFile; fileRef = 3D9C7C8215BBDE1C00D9F62A /* widgets.plist */; };
		3D0DAC7315BBFFD600B27BBC /* icon.png in Resources */ = {isa = PBXBuildFile; fileRef = 3D0DAC7215BBFFD600B27BBC /* icon.png */; };
		3D0DAC7515BBFFD800B27BBC /* icon@2x.png in Resources */ = {isa = PBXBuildFile; fileRef = 3D0DAC7415BBFFD800B27BBC /* icon@2x.png */; };
		3D654C0115BC0E990070CB50 /* DashboardView.xib in Resources */ = {isa = PBXBuildFile; fileRef = 3D654BFD15BC0E990070CB50 /* DashboardView.xib */; };
		3D654C0215BC0E990070CB50 /* MainStoryboard.storyboard in Resources */ = {isa = PBXBuildFile; fileRef = 3D654BFE15BC0E990070CB50 /* MainStoryboard.storyboard */; };
		3D654C0315BC0E990070CB50 /* Tweet.xib in Resources */ = {isa = PBXBuildFile; fileRef = 3D654BFF15BC0E990070CB50 /* Tweet.xib */; };
		3D654C0415BC0E990070CB50 /* WeatherWidget.xib in Resources */ = {isa = PBXBuildFile; fileRef = 3D654C0015BC0E990070CB50 /* WeatherWidget.xib */; };
		3D654C1415BC0EAF0070CB50 /* cloudy.png in Resources */ = {isa = PBXBuildFile; fileRef = 3D654C0715BC0EAF0070CB50 /* cloudy.png */; };
		3D654C1515BC0EAF0070CB50 /* CloudywRain.png in Resources */ = {isa = PBXBuildFile; fileRef = 3D654C0815BC0EAF0070CB50 /* CloudywRain.png */; };
		3D654C1615BC0EAF0070CB50 /* FOG.png in Resources */ = {isa = PBXBuildFile; fileRef = 3D654C0915BC0EAF0070CB50 /* FOG.png */; };
		3D654C1715BC0EAF0070CB50 /* hail.png in Resources */ = {isa = PBXBuildFile; fileRef = 3D654C0A15BC0EAF0070CB50 /* hail.png */; };
		3D654C1815BC0EAF0070CB50 /* noun_moon.png in Resources */ = {isa = PBXBuildFile; fileRef = 3D654C0B15BC0EAF0070CB50 /* noun_moon.png */; };
		3D654C1915BC0EAF0070CB50 /* noun_moon@2x.png in Resources */ = {isa = PBXBuildFile; fileRef = 3D654C0C15BC0EAF0070CB50 /* noun_moon@2x.png */; };
		3D654C1A15BC0EAF0070CB50 /* rain.png in Resources */ = {isa = PBXBuildFile; fileRef = 3D654C0D15BC0EAF0070CB50 /* rain.png */; };
		3D654C1B15BC0EAF0070CB50 /* snow.png in Resources */ = {isa = PBXBuildFile; fileRef = 3D654C0E15BC0EAF0070CB50 /* snow.png */; };
		3D654C1C15BC0EAF0070CB50 /* Sunny.png in Resources */ = {isa = PBXBuildFile; fileRef = 3D654C0F15BC0EAF0070CB50 /* Sunny.png */; };
		3D654C1D15BC0EAF0070CB50 /* thunder.png in Resources */ = {isa = PBXBuildFile; fileRef = 3D654C1015BC0EAF0070CB50 /* thunder.png */; };
		3D654C1E15BC0EAF0070CB50 /* WeatherSun.png in Resources */ = {isa = PBXBuildFile; fileRef = 3D654C1115BC0EAF0070CB50 /* WeatherSun.png */; };
		3D654C1F15BC0EAF0070CB50 /* windy.png in Resources */ = {isa = PBXBuildFile; fileRef = 3D654C1215BC0EAF0070CB50 /* windy.png */; };
		3D654C2015BC0EAF0070CB50 /* windy2.png in Resources */ = {isa = PBXBuildFile; fileRef = 3D654C1315BC0EAF0070CB50 /* windy2.png */; };
		3D654C2915BC0EB60070CB50 /* AddDash.png in Resources */ = {isa = PBXBuildFile; fileRef = 3D654C2115BC0EB60070CB50 /* AddDash.png */; };
		3D654C2A15BC0EB60070CB50 /* AddDash@2x.png in Resources */ = {isa = PBXBuildFile; fileRef = 3D654C2215BC0EB60070CB50 /* AddDash@2x.png */; };
		3D654C2B15BC0EB60070CB50 /* AddDashselected.png in Resources */ = {isa = PBXBuildFile; fileRef = 3D654C2315BC0EB60070CB50 /* AddDashselected.png */; };
		3D654C2C15BC0EB60070CB50 /* AddDashselected@2x.png in Resources */ = {isa = PBXBuildFile; fileRef = 3D654C2415BC0EB60070CB50 /* AddDashselected@2x.png */; };
		3D654C2D15BC0EB60070CB50 /* addwidget.png in Resources */ = {isa = PBXBuildFile; fileRef = 3D654C2515BC0EB60070CB50 /* addwidget.png */; };
		3D654C2E15BC0EB60070CB50 /* addwidget@2x.png in Resources */ = {isa = PBXBuildFile; fileRef = 3D654C2615BC0EB60070CB50 /* addwidget@2x.png */; };
		3D654C2F15BC0EB60070CB50 /* NavigationBarLogo.png in Resources */ = {isa = PBXBuildFile; fileRef = 3D654C2715BC0EB60070CB50 /* NavigationBarLogo.png */; };
		3D654C3015BC0EB60070CB50 /* NavigationBarLogo@2x.png in Resources */ = {isa = PBXBuildFile; fileRef = 3D654C2815BC0EB60070CB50 /* NavigationBarLogo@2x.png */; };
		3D654C3715BC0F300070CB50 /* PageViewManager.m in Sources */ = {isa = PBXBuildFile; fileRef = 3D654C3615BC0F300070CB50 /* PageViewManager.m */; };
		3D654C3E15BC0F3C0070CB50 /* DashboardViewController.m in Sources */ = {isa = PBXBuildFile; fileRef = 3D654C3915BC0F3C0070CB50 /* DashboardViewController.m */; };
		3D654C3F15BC0F3C0070CB50 /* MainViewController.m in Sources */ = {isa = PBXBuildFile; fileRef = 3D654C3B15BC0F3C0070CB50 /* MainViewController.m */; };
		3D654C4015BC0F3C0070CB50 /* SelectWidgetViewController.m in Sources */ = {isa = PBXBuildFile; fileRef = 3D654C3D15BC0F3C0070CB50 /* SelectWidgetViewController.m */; };
		3D654C4315BC0F450070CB50 /* EmbededTweetViewController.m in Sources */ = {isa = PBXBuildFile; fileRef = 3D654C4215BC0F450070CB50 /* EmbededTweetViewController.m */; };
		3D654C4615BC0F4C0070CB50 /* WidgetCell.m in Sources */ = {isa = PBXBuildFile; fileRef = 3D654C4515BC0F4C0070CB50 /* WidgetCell.m */; };
		3D654C4D15BC0F530070CB50 /* FacebookViewController.m in Sources */ = {isa = PBXBuildFile; fileRef = 3D654C4815BC0F530070CB50 /* FacebookViewController.m */; };
		3D654C4E15BC0F530070CB50 /* TweetViewController.m in Sources */ = {isa = PBXBuildFile; fileRef = 3D654C4A15BC0F530070CB50 /* TweetViewController.m */; };
		3D654C4F15BC0F530070CB50 /* WeatherViewController.m in Sources */ = {isa = PBXBuildFile; fileRef = 3D654C4C15BC0F530070CB50 /* WeatherViewController.m */; };
		3D654C5215BC106D0070CB50 /* twitter.png in Resources */ = {isa = PBXBuildFile; fileRef = 3D654C5015BC106D0070CB50 /* twitter.png */; };
		3D654C5315BC106D0070CB50 /* twitter@2x.png in Resources */ = {isa = PBXBuildFile; fileRef = 3D654C5115BC106D0070CB50 /* twitter@2x.png */; };
		3D654C5515BC11340070CB50 /* twitterKODark.png in Resources */ = {isa = PBXBuildFile; fileRef = 3D654C5415BC11340070CB50 /* twitterKODark.png */; };
		3D654C5715BC13020070CB50 /* FacebookNotifications.xib in Resources */ = {isa = PBXBuildFile; fileRef = 3D654C5615BC13020070CB50 /* FacebookNotifications.xib */; };
		3D654C5B15BC13440070CB50 /* facebook_friends.png in Resources */ = {isa = PBXBuildFile; fileRef = 3D654C5815BC13440070CB50 /* facebook_friends.png */; };
		3D654C5C15BC13440070CB50 /* facebook_message.png in Resources */ = {isa = PBXBuildFile; fileRef = 3D654C5915BC13440070CB50 /* facebook_message.png */; };
		3D654C5D15BC13440070CB50 /* facebook_notification.png in Resources */ = {isa = PBXBuildFile; fileRef = 3D654C5A15BC13440070CB50 /* facebook_notification.png */; };
		3D654C6015BC13740070CB50 /* FacebookNotificationsViewController.m in Sources */ = {isa = PBXBuildFile; fileRef = 3D654C5F15BC13740070CB50 /* FacebookNotificationsViewController.m */; };
		3DBBD5B915BC156E0038267B /* calendar.png in Resources */ = {isa = PBXBuildFile; fileRef = 3DBBD5B715BC156E0038267B /* calendar.png */; };
		3DBBD5BA15BC156E0038267B /* facebook.png in Resources */ = {isa = PBXBuildFile; fileRef = 3DBBD5B815BC156E0038267B /* facebook.png */; };
		3DBBD5BE15BC16390038267B /* WidgetViewController.m in Sources */ = {isa = PBXBuildFile; fileRef = 3DBBD5BD15BC16390038267B /* WidgetViewController.m */; };
		3DBBD5C015BC189F0038267B /* CommuteViewController.xib in Resources */ = {isa = PBXBuildFile; fileRef = 3DBBD5BF15BC189F0038267B /* CommuteViewController.xib */; };
		3DBBD5C215BC18B20038267B /* highway.png in Resources */ = {isa = PBXBuildFile; fileRef = 3DBBD5C115BC18B20038267B /* highway.png */; };
		3DBBD5C515BC18C00038267B /* CommuteViewController.m in Sources */ = {isa = PBXBuildFile; fileRef = 3DBBD5C415BC18C00038267B /* CommuteViewController.m */; };
		3DBCE44815BC9FE5005CCBDE /* FBfriends.png in Resources */ = {isa = PBXBuildFile; fileRef = 3DBCE44015BC9FE5005CCBDE /* FBfriends.png */; };
		3DBCE44915BC9FE5005CCBDE /* FBfriends@2x.png in Resources */ = {isa = PBXBuildFile; fileRef = 3DBCE44115BC9FE5005CCBDE /* FBfriends@2x.png */; };
		3DBCE44A15BC9FE5005CCBDE /* FBmessages.png in Resources */ = {isa = PBXBuildFile; fileRef = 3DBCE44215BC9FE5005CCBDE /* FBmessages.png */; };
		3DBCE44B15BC9FE5005CCBDE /* FBmessages@2x.png in Resources */ = {isa = PBXBuildFile; fileRef = 3DBCE44315BC9FE5005CCBDE /* FBmessages@2x.png */; };
		3DBCE44C15BC9FE5005CCBDE /* FBnotifications.png in Resources */ = {isa = PBXBuildFile; fileRef = 3DBCE44415BC9FE5005CCBDE /* FBnotifications.png */; };
		3DBCE44D15BC9FE5005CCBDE /* FBnotifications@2x.png in Resources */ = {isa = PBXBuildFile; fileRef = 3DBCE44515BC9FE5005CCBDE /* FBnotifications@2x.png */; };
		3DBCE44E15BC9FE5005CCBDE /* gradientBottom@2x.png in Resources */ = {isa = PBXBuildFile; fileRef = 3DBCE44615BC9FE5005CCBDE /* gradientBottom@2x.png */; };
		3DBCE44F15BC9FE5005CCBDE /* gradientTop@2x.png in Resources */ = {isa = PBXBuildFile; fileRef = 3DBCE44715BC9FE5005CCBDE /* gradientTop@2x.png */; };
		3DBCE45315BCA013005CCBDE /* WeatherSettingsViewController.m in Sources */ = {isa = PBXBuildFile; fileRef = 3DBCE45215BCA013005CCBDE /* WeatherSettingsViewController.m */; };
		3DBCE45515BCA04B005CCBDE /* WeatherSettingsViewController.xib in Resources */ = {isa = PBXBuildFile; fileRef = 3DBCE45415BCA04B005CCBDE /* WeatherSettingsViewController.xib */; };
		3DBCE45E15BCA0CA005CCBDE /* cloudy@2x.png in Resources */ = {isa = PBXBuildFile; fileRef = 3DBCE45615BCA0CA005CCBDE /* cloudy@2x.png */; };
		3DBCE45F15BCA0CA005CCBDE /* CloudywRain@2x.png in Resources */ = {isa = PBXBuildFile; fileRef = 3DBCE45715BCA0CA005CCBDE /* CloudywRain@2x.png */; };
		3DBCE46015BCA0CA005CCBDE /* FOG@2x.png in Resources */ = {isa = PBXBuildFile; fileRef = 3DBCE45815BCA0CA005CCBDE /* FOG@2x.png */; };
		3DBCE46115BCA0CA005CCBDE /* hail@2x.png in Resources */ = {isa = PBXBuildFile; fileRef = 3DBCE45915BCA0CA005CCBDE /* hail@2x.png */; };
		3DBCE46215BCA0CA005CCBDE /* rain@2x.png in Resources */ = {isa = PBXBuildFile; fileRef = 3DBCE45A15BCA0CA005CCBDE /* rain@2x.png */; };
		3DBCE46315BCA0CA005CCBDE /* Sunny@2x.png in Resources */ = {isa = PBXBuildFile; fileRef = 3DBCE45B15BCA0CA005CCBDE /* Sunny@2x.png */; };
		3DBCE46415BCA0CA005CCBDE /* thunder@2x.png in Resources */ = {isa = PBXBuildFile; fileRef = 3DBCE45C15BCA0CA005CCBDE /* thunder@2x.png */; };
		3DBCE46515BCA0CA005CCBDE /* windy2@2x.png in Resources */ = {isa = PBXBuildFile; fileRef = 3DBCE45D15BCA0CA005CCBDE /* windy2@2x.png */; };
		3DBCE47915BCA3FB005CCBDE /* EventsViewController.m in Sources */ = {isa = PBXBuildFile; fileRef = 3DBCE47715BCA3FB005CCBDE /* EventsViewController.m */; };
		3DBCE47A15BCA3FB005CCBDE /* EventsViewController.xib in Resources */ = {isa = PBXBuildFile; fileRef = 3DBCE47815BCA3FB005CCBDE /* EventsViewController.xib */; };
		3DBCE48215BCA4FA005CCBDE /* noun_bus.png in Resources */ = {isa = PBXBuildFile; fileRef = 3DBCE47C15BCA4FA005CCBDE /* noun_bus.png */; };
		3DBCE48315BCA4FA005CCBDE /* noun_bus@2x.png in Resources */ = {isa = PBXBuildFile; fileRef = 3DBCE47D15BCA4FA005CCBDE /* noun_bus@2x.png */; };
		3DBCE48415BCA4FA005CCBDE /* noun_car.png in Resources */ = {isa = PBXBuildFile; fileRef = 3DBCE47E15BCA4FA005CCBDE /* noun_car.png */; };
		3DBCE48515BCA4FA005CCBDE /* noun_car@2x.png in Resources */ = {isa = PBXBuildFile; fileRef = 3DBCE47F15BCA4FA005CCBDE /* noun_car@2x.png */; };
		3DBCE48615BCA4FA005CCBDE /* noun_traintram.png in Resources */ = {isa = PBXBuildFile; fileRef = 3DBCE48015BCA4FA005CCBDE /* noun_traintram.png */; };
		3DBCE48715BCA4FA005CCBDE /* noun_traintram@2x.png in Resources */ = {isa = PBXBuildFile; fileRef = 3DBCE48115BCA4FA005CCBDE /* noun_traintram@2x.png */; };
		3DC0810D15BB84CD003BB12C /* UIKit.framework in Frameworks */ = {isa = PBXBuildFile; fileRef = 3DC0810C15BB84CD003BB12C /* UIKit.framework */; };
		3DC0810F15BB84CD003BB12C /* Foundation.framework in Frameworks */ = {isa = PBXBuildFile; fileRef = 3DC0810E15BB84CD003BB12C /* Foundation.framework */; };
		3DC0811115BB84CD003BB12C /* CoreGraphics.framework in Frameworks */ = {isa = PBXBuildFile; fileRef = 3DC0811015BB84CD003BB12C /* CoreGraphics.framework */; };
		3DC0811915BB84CD003BB12C /* main.m in Sources */ = {isa = PBXBuildFile; fileRef = 3DC0811815BB84CD003BB12C /* main.m */; };
		3DC0811D15BB84CD003BB12C /* AppDelegate.m in Sources */ = {isa = PBXBuildFile; fileRef = 3DC0811C15BB84CD003BB12C /* AppDelegate.m */; };
		3DC56CBA15BC8AF900749F03 /* CoreLocation.framework in Frameworks */ = {isa = PBXBuildFile; fileRef = 3DC56CB915BC8AF900749F03 /* CoreLocation.framework */; };
		3DC56CBE15BC98CB00749F03 /* CommuteSettingsViewController.m in Sources */ = {isa = PBXBuildFile; fileRef = 3DC56CBD15BC98CB00749F03 /* CommuteSettingsViewController.m */; };
		3DDDBFDA15BC1AE00099297B /* facebook_signin.png in Resources */ = {isa = PBXBuildFile; fileRef = 3DDDBFD815BC1AE00099297B /* facebook_signin.png */; };
		3DDDBFDB15BC1AE00099297B /* facebook_signin@2x.png in Resources */ = {isa = PBXBuildFile; fileRef = 3DDDBFD915BC1AE00099297B /* facebook_signin@2x.png */; };
		3DF81A0C15BC75FA00D0BF9F /* EventsModel.m in Sources */ = {isa = PBXBuildFile; fileRef = 3DF81A0B15BC75FA00D0BF9F /* EventsModel.m */; };
		3DF81A0F15BC760500D0BF9F /* ISO8601DateFormatter.m in Sources */ = {isa = PBXBuildFile; fileRef = 3DF81A0E15BC760500D0BF9F /* ISO8601DateFormatter.m */; settings = {COMPILER_FLAGS = "-fno-objc-arc"; }; };
		D63383EA15BBB69E0035BB36 /* EventKit.framework in Frameworks */ = {isa = PBXBuildFile; fileRef = D63383E915BBB69E0035BB36 /* EventKit.framework */; };
		D693A0FD15BB871200101222 /* FBiOSSDK.framework in Frameworks */ = {isa = PBXBuildFile; fileRef = D693A0FC15BB871200101222 /* FBiOSSDK.framework */; };
		D693A10015BB871F00101222 /* FBiOSSDKResources.bundle in Resources */ = {isa = PBXBuildFile; fileRef = D693A0FF15BB871F00101222 /* FBiOSSDKResources.bundle */; };
/* End PBXBuildFile section */

/* Begin PBXFileReference section */
		3D0DAC7215BBFFD600B27BBC /* icon.png */ = {isa = PBXFileReference; lastKnownFileType = image.png; path = icon.png; sourceTree = "<group>"; };
		3D0DAC7415BBFFD800B27BBC /* icon@2x.png */ = {isa = PBXFileReference; lastKnownFileType = image.png; path = "icon@2x.png"; sourceTree = "<group>"; };
		3D654BFD15BC0E990070CB50 /* DashboardView.xib */ = {isa = PBXFileReference; fileEncoding = 4; lastKnownFileType = file.xib; name = DashboardView.xib; path = UI/DashboardView.xib; sourceTree = "<group>"; };
		3D654BFE15BC0E990070CB50 /* MainStoryboard.storyboard */ = {isa = PBXFileReference; fileEncoding = 4; lastKnownFileType = file.storyboard; name = MainStoryboard.storyboard; path = UI/MainStoryboard.storyboard; sourceTree = "<group>"; };
		3D654BFF15BC0E990070CB50 /* Tweet.xib */ = {isa = PBXFileReference; fileEncoding = 4; lastKnownFileType = file.xib; name = Tweet.xib; path = UI/Tweet.xib; sourceTree = "<group>"; };
		3D654C0015BC0E990070CB50 /* WeatherWidget.xib */ = {isa = PBXFileReference; fileEncoding = 4; lastKnownFileType = file.xib; name = WeatherWidget.xib; path = UI/WeatherWidget.xib; sourceTree = "<group>"; };
		3D654C0715BC0EAF0070CB50 /* cloudy.png */ = {isa = PBXFileReference; lastKnownFileType = image.png; name = cloudy.png; path = Assets/Weather/cloudy.png; sourceTree = "<group>"; };
		3D654C0815BC0EAF0070CB50 /* CloudywRain.png */ = {isa = PBXFileReference; lastKnownFileType = image.png; name = CloudywRain.png; path = Assets/Weather/CloudywRain.png; sourceTree = "<group>"; };
		3D654C0915BC0EAF0070CB50 /* FOG.png */ = {isa = PBXFileReference; lastKnownFileType = image.png; name = FOG.png; path = Assets/Weather/FOG.png; sourceTree = "<group>"; };
		3D654C0A15BC0EAF0070CB50 /* hail.png */ = {isa = PBXFileReference; lastKnownFileType = image.png; name = hail.png; path = Assets/Weather/hail.png; sourceTree = "<group>"; };
		3D654C0B15BC0EAF0070CB50 /* noun_moon.png */ = {isa = PBXFileReference; lastKnownFileType = image.png; name = noun_moon.png; path = Assets/Weather/noun_moon.png; sourceTree = "<group>"; };
		3D654C0C15BC0EAF0070CB50 /* noun_moon@2x.png */ = {isa = PBXFileReference; lastKnownFileType = image.png; name = "noun_moon@2x.png"; path = "Assets/Weather/noun_moon@2x.png"; sourceTree = "<group>"; };
		3D654C0D15BC0EAF0070CB50 /* rain.png */ = {isa = PBXFileReference; lastKnownFileType = image.png; name = rain.png; path = Assets/Weather/rain.png; sourceTree = "<group>"; };
		3D654C0E15BC0EAF0070CB50 /* snow.png */ = {isa = PBXFileReference; lastKnownFileType = image.png; name = snow.png; path = Assets/Weather/snow.png; sourceTree = "<group>"; };
		3D654C0F15BC0EAF0070CB50 /* Sunny.png */ = {isa = PBXFileReference; lastKnownFileType = image.png; name = Sunny.png; path = Assets/Weather/Sunny.png; sourceTree = "<group>"; };
		3D654C1015BC0EAF0070CB50 /* thunder.png */ = {isa = PBXFileReference; lastKnownFileType = image.png; name = thunder.png; path = Assets/Weather/thunder.png; sourceTree = "<group>"; };
		3D654C1115BC0EAF0070CB50 /* WeatherSun.png */ = {isa = PBXFileReference; lastKnownFileType = image.png; name = WeatherSun.png; path = Assets/Weather/WeatherSun.png; sourceTree = "<group>"; };
		3D654C1215BC0EAF0070CB50 /* windy.png */ = {isa = PBXFileReference; lastKnownFileType = image.png; name = windy.png; path = Assets/Weather/windy.png; sourceTree = "<group>"; };
		3D654C1315BC0EAF0070CB50 /* windy2.png */ = {isa = PBXFileReference; lastKnownFileType = image.png; name = windy2.png; path = Assets/Weather/windy2.png; sourceTree = "<group>"; };
		3D654C2115BC0EB60070CB50 /* AddDash.png */ = {isa = PBXFileReference; lastKnownFileType = image.png; name = AddDash.png; path = Assets/UI/AddDash.png; sourceTree = "<group>"; };
		3D654C2215BC0EB60070CB50 /* AddDash@2x.png */ = {isa = PBXFileReference; lastKnownFileType = image.png; name = "AddDash@2x.png"; path = "Assets/UI/AddDash@2x.png"; sourceTree = "<group>"; };
		3D654C2315BC0EB60070CB50 /* AddDashselected.png */ = {isa = PBXFileReference; lastKnownFileType = image.png; name = AddDashselected.png; path = Assets/UI/AddDashselected.png; sourceTree = "<group>"; };
		3D654C2415BC0EB60070CB50 /* AddDashselected@2x.png */ = {isa = PBXFileReference; lastKnownFileType = image.png; name = "AddDashselected@2x.png"; path = "Assets/UI/AddDashselected@2x.png"; sourceTree = "<group>"; };
		3D654C2515BC0EB60070CB50 /* addwidget.png */ = {isa = PBXFileReference; lastKnownFileType = image.png; name = addwidget.png; path = Assets/UI/addwidget.png; sourceTree = "<group>"; };
		3D654C2615BC0EB60070CB50 /* addwidget@2x.png */ = {isa = PBXFileReference; lastKnownFileType = image.png; name = "addwidget@2x.png"; path = "Assets/UI/addwidget@2x.png"; sourceTree = "<group>"; };
		3D654C2715BC0EB60070CB50 /* NavigationBarLogo.png */ = {isa = PBXFileReference; lastKnownFileType = image.png; name = NavigationBarLogo.png; path = Assets/UI/NavigationBarLogo.png; sourceTree = "<group>"; };
		3D654C2815BC0EB60070CB50 /* NavigationBarLogo@2x.png */ = {isa = PBXFileReference; lastKnownFileType = image.png; name = "NavigationBarLogo@2x.png"; path = "Assets/UI/NavigationBarLogo@2x.png"; sourceTree = "<group>"; };
		3D654C3515BC0F300070CB50 /* PageViewManager.h */ = {isa = PBXFileReference; fileEncoding = 4; lastKnownFileType = sourcecode.c.h; name = PageViewManager.h; path = Classes/PageViewManager.h; sourceTree = "<group>"; };
		3D654C3615BC0F300070CB50 /* PageViewManager.m */ = {isa = PBXFileReference; fileEncoding = 4; lastKnownFileType = sourcecode.c.objc; name = PageViewManager.m; path = Classes/PageViewManager.m; sourceTree = "<group>"; };
		3D654C3815BC0F3C0070CB50 /* DashboardViewController.h */ = {isa = PBXFileReference; fileEncoding = 4; lastKnownFileType = sourcecode.c.h; name = DashboardViewController.h; path = Classes/Controllers/DashboardViewController.h; sourceTree = "<group>"; };
		3D654C3915BC0F3C0070CB50 /* DashboardViewController.m */ = {isa = PBXFileReference; fileEncoding = 4; lastKnownFileType = sourcecode.c.objc; name = DashboardViewController.m; path = Classes/Controllers/DashboardViewController.m; sourceTree = "<group>"; };
		3D654C3A15BC0F3C0070CB50 /* MainViewController.h */ = {isa = PBXFileReference; fileEncoding = 4; lastKnownFileType = sourcecode.c.h; name = MainViewController.h; path = Classes/Controllers/MainViewController.h; sourceTree = "<group>"; };
		3D654C3B15BC0F3C0070CB50 /* MainViewController.m */ = {isa = PBXFileReference; fileEncoding = 4; lastKnownFileType = sourcecode.c.objc; name = MainViewController.m; path = Classes/Controllers/MainViewController.m; sourceTree = "<group>"; };
		3D654C3C15BC0F3C0070CB50 /* SelectWidgetViewController.h */ = {isa = PBXFileReference; fileEncoding = 4; lastKnownFileType = sourcecode.c.h; name = SelectWidgetViewController.h; path = Classes/Controllers/SelectWidgetViewController.h; sourceTree = "<group>"; };
		3D654C3D15BC0F3C0070CB50 /* SelectWidgetViewController.m */ = {isa = PBXFileReference; fileEncoding = 4; lastKnownFileType = sourcecode.c.objc; name = SelectWidgetViewController.m; path = Classes/Controllers/SelectWidgetViewController.m; sourceTree = "<group>"; };
		3D654C4115BC0F450070CB50 /* EmbededTweetViewController.h */ = {isa = PBXFileReference; fileEncoding = 4; lastKnownFileType = sourcecode.c.h; name = EmbededTweetViewController.h; path = Classes/Test/EmbededTweetViewController.h; sourceTree = "<group>"; };
		3D654C4215BC0F450070CB50 /* EmbededTweetViewController.m */ = {isa = PBXFileReference; fileEncoding = 4; lastKnownFileType = sourcecode.c.objc; name = EmbededTweetViewController.m; path = Classes/Test/EmbededTweetViewController.m; sourceTree = "<group>"; };
		3D654C4415BC0F4C0070CB50 /* WidgetCell.h */ = {isa = PBXFileReference; fileEncoding = 4; lastKnownFileType = sourcecode.c.h; name = WidgetCell.h; path = Classes/Views/WidgetCell.h; sourceTree = "<group>"; };
		3D654C4515BC0F4C0070CB50 /* WidgetCell.m */ = {isa = PBXFileReference; fileEncoding = 4; lastKnownFileType = sourcecode.c.objc; name = WidgetCell.m; path = Classes/Views/WidgetCell.m; sourceTree = "<group>"; };
		3D654C4715BC0F530070CB50 /* FacebookViewController.h */ = {isa = PBXFileReference; fileEncoding = 4; lastKnownFileType = sourcecode.c.h; name = FacebookViewController.h; path = Classes/Widgets/FacebookViewController.h; sourceTree = "<group>"; };
		3D654C4815BC0F530070CB50 /* FacebookViewController.m */ = {isa = PBXFileReference; fileEncoding = 4; lastKnownFileType = sourcecode.c.objc; name = FacebookViewController.m; path = Classes/Widgets/FacebookViewController.m; sourceTree = "<group>"; };
		3D654C4915BC0F530070CB50 /* TweetViewController.h */ = {isa = PBXFileReference; fileEncoding = 4; lastKnownFileType = sourcecode.c.h; name = TweetViewController.h; path = Classes/Widgets/TweetViewController.h; sourceTree = "<group>"; };
		3D654C4A15BC0F530070CB50 /* TweetViewController.m */ = {isa = PBXFileReference; fileEncoding = 4; lastKnownFileType = sourcecode.c.objc; name = TweetViewController.m; path = Classes/Widgets/TweetViewController.m; sourceTree = "<group>"; };
		3D654C4B15BC0F530070CB50 /* WeatherViewController.h */ = {isa = PBXFileReference; fileEncoding = 4; lastKnownFileType = sourcecode.c.h; name = WeatherViewController.h; path = Classes/Widgets/WeatherViewController.h; sourceTree = "<group>"; };
		3D654C4C15BC0F530070CB50 /* WeatherViewController.m */ = {isa = PBXFileReference; fileEncoding = 4; lastKnownFileType = sourcecode.c.objc; name = WeatherViewController.m; path = Classes/Widgets/WeatherViewController.m; sourceTree = "<group>"; };
		3D654C5015BC106D0070CB50 /* twitter.png */ = {isa = PBXFileReference; lastKnownFileType = image.png; name = twitter.png; path = Assets/UI/twitter.png; sourceTree = "<group>"; };
		3D654C5115BC106D0070CB50 /* twitter@2x.png */ = {isa = PBXFileReference; lastKnownFileType = image.png; name = "twitter@2x.png"; path = "Assets/UI/twitter@2x.png"; sourceTree = "<group>"; };
		3D654C5415BC11340070CB50 /* twitterKODark.png */ = {isa = PBXFileReference; lastKnownFileType = image.png; name = twitterKODark.png; path = Assets/UI/twitterKODark.png; sourceTree = "<group>"; };
		3D654C5615BC13020070CB50 /* FacebookNotifications.xib */ = {isa = PBXFileReference; fileEncoding = 4; lastKnownFileType = file.xib; name = FacebookNotifications.xib; path = UI/FacebookNotifications.xib; sourceTree = "<group>"; };
		3D654C5815BC13440070CB50 /* facebook_friends.png */ = {isa = PBXFileReference; lastKnownFileType = image.png; name = facebook_friends.png; path = Assets/UI/facebook_friends.png; sourceTree = "<group>"; };
		3D654C5915BC13440070CB50 /* facebook_message.png */ = {isa = PBXFileReference; lastKnownFileType = image.png; name = facebook_message.png; path = Assets/UI/facebook_message.png; sourceTree = "<group>"; };
		3D654C5A15BC13440070CB50 /* facebook_notification.png */ = {isa = PBXFileReference; lastKnownFileType = image.png; name = facebook_notification.png; path = Assets/UI/facebook_notification.png; sourceTree = "<group>"; };
		3D654C5E15BC13740070CB50 /* FacebookNotificationsViewController.h */ = {isa = PBXFileReference; fileEncoding = 4; lastKnownFileType = sourcecode.c.h; name = FacebookNotificationsViewController.h; path = Classes/Widgets/FacebookNotificationsViewController.h; sourceTree = "<group>"; };
		3D654C5F15BC13740070CB50 /* FacebookNotificationsViewController.m */ = {isa = PBXFileReference; fileEncoding = 4; lastKnownFileType = sourcecode.c.objc; name = FacebookNotificationsViewController.m; path = Classes/Widgets/FacebookNotificationsViewController.m; sourceTree = "<group>"; };
		3D9C7C8215BBDE1C00D9F62A /* widgets.plist */ = {isa = PBXFileReference; fileEncoding = 4; lastKnownFileType = text.plist.xml; path = widgets.plist; sourceTree = "<group>"; };
		3DBBD5B715BC156E0038267B /* calendar.png */ = {isa = PBXFileReference; lastKnownFileType = image.png; name = calendar.png; path = Assets/UI/calendar.png; sourceTree = "<group>"; };
		3DBBD5B815BC156E0038267B /* facebook.png */ = {isa = PBXFileReference; lastKnownFileType = image.png; name = facebook.png; path = Assets/UI/facebook.png; sourceTree = "<group>"; };
		3DBBD5BC15BC16390038267B /* WidgetViewController.h */ = {isa = PBXFileReference; fileEncoding = 4; lastKnownFileType = sourcecode.c.h; name = WidgetViewController.h; path = Classes/Widgets/WidgetViewController.h; sourceTree = "<group>"; };
		3DBBD5BD15BC16390038267B /* WidgetViewController.m */ = {isa = PBXFileReference; fileEncoding = 4; lastKnownFileType = sourcecode.c.objc; name = WidgetViewController.m; path = Classes/Widgets/WidgetViewController.m; sourceTree = "<group>"; };
		3DBBD5BF15BC189F0038267B /* CommuteViewController.xib */ = {isa = PBXFileReference; fileEncoding = 4; lastKnownFileType = file.xib; name = CommuteViewController.xib; path = UI/CommuteViewController.xib; sourceTree = "<group>"; };
		3DBBD5C115BC18B20038267B /* highway.png */ = {isa = PBXFileReference; lastKnownFileType = image.png; name = highway.png; path = Assets/UI/highway.png; sourceTree = "<group>"; };
		3DBBD5C315BC18C00038267B /* CommuteViewController.h */ = {isa = PBXFileReference; fileEncoding = 4; lastKnownFileType = sourcecode.c.h; name = CommuteViewController.h; path = Classes/Widgets/CommuteViewController.h; sourceTree = "<group>"; };
		3DBBD5C415BC18C00038267B /* CommuteViewController.m */ = {isa = PBXFileReference; fileEncoding = 4; lastKnownFileType = sourcecode.c.objc; name = CommuteViewController.m; path = Classes/Widgets/CommuteViewController.m; sourceTree = "<group>"; };
		3DBCE44015BC9FE5005CCBDE /* FBfriends.png */ = {isa = PBXFileReference; lastKnownFileType = image.png; name = FBfriends.png; path = Assets/UI/FBfriends.png; sourceTree = "<group>"; };
		3DBCE44115BC9FE5005CCBDE /* FBfriends@2x.png */ = {isa = PBXFileReference; lastKnownFileType = image.png; name = "FBfriends@2x.png"; path = "Assets/UI/FBfriends@2x.png"; sourceTree = "<group>"; };
		3DBCE44215BC9FE5005CCBDE /* FBmessages.png */ = {isa = PBXFileReference; lastKnownFileType = image.png; name = FBmessages.png; path = Assets/UI/FBmessages.png; sourceTree = "<group>"; };
		3DBCE44315BC9FE5005CCBDE /* FBmessages@2x.png */ = {isa = PBXFileReference; lastKnownFileType = image.png; name = "FBmessages@2x.png"; path = "Assets/UI/FBmessages@2x.png"; sourceTree = "<group>"; };
		3DBCE44415BC9FE5005CCBDE /* FBnotifications.png */ = {isa = PBXFileReference; lastKnownFileType = image.png; name = FBnotifications.png; path = Assets/UI/FBnotifications.png; sourceTree = "<group>"; };
		3DBCE44515BC9FE5005CCBDE /* FBnotifications@2x.png */ = {isa = PBXFileReference; lastKnownFileType = image.png; name = "FBnotifications@2x.png"; path = "Assets/UI/FBnotifications@2x.png"; sourceTree = "<group>"; };
		3DBCE44615BC9FE5005CCBDE /* gradientBottom@2x.png */ = {isa = PBXFileReference; lastKnownFileType = image.png; name = "gradientBottom@2x.png"; path = "Assets/UI/gradientBottom@2x.png"; sourceTree = "<group>"; };
		3DBCE44715BC9FE5005CCBDE /* gradientTop@2x.png */ = {isa = PBXFileReference; lastKnownFileType = image.png; name = "gradientTop@2x.png"; path = "Assets/UI/gradientTop@2x.png"; sourceTree = "<group>"; };
		3DBCE45115BCA013005CCBDE /* WeatherSettingsViewController.h */ = {isa = PBXFileReference; fileEncoding = 4; lastKnownFileType = sourcecode.c.h; name = WeatherSettingsViewController.h; path = Classes/Widgets/WeatherSettingsViewController.h; sourceTree = "<group>"; };
		3DBCE45215BCA013005CCBDE /* WeatherSettingsViewController.m */ = {isa = PBXFileReference; fileEncoding = 4; lastKnownFileType = sourcecode.c.objc; name = WeatherSettingsViewController.m; path = Classes/Widgets/WeatherSettingsViewController.m; sourceTree = "<group>"; };
		3DBCE45415BCA04B005CCBDE /* WeatherSettingsViewController.xib */ = {isa = PBXFileReference; fileEncoding = 4; lastKnownFileType = file.xib; name = WeatherSettingsViewController.xib; path = Classes/Widgets/WeatherSettingsViewController.xib; sourceTree = "<group>"; };
		3DBCE45615BCA0CA005CCBDE /* cloudy@2x.png */ = {isa = PBXFileReference; lastKnownFileType = image.png; name = "cloudy@2x.png"; path = "Assets/Weather/cloudy@2x.png"; sourceTree = "<group>"; };
		3DBCE45715BCA0CA005CCBDE /* CloudywRain@2x.png */ = {isa = PBXFileReference; lastKnownFileType = image.png; name = "CloudywRain@2x.png"; path = "Assets/Weather/CloudywRain@2x.png"; sourceTree = "<group>"; };
		3DBCE45815BCA0CA005CCBDE /* FOG@2x.png */ = {isa = PBXFileReference; lastKnownFileType = image.png; name = "FOG@2x.png"; path = "Assets/Weather/FOG@2x.png"; sourceTree = "<group>"; };
		3DBCE45915BCA0CA005CCBDE /* hail@2x.png */ = {isa = PBXFileReference; lastKnownFileType = image.png; name = "hail@2x.png"; path = "Assets/Weather/hail@2x.png"; sourceTree = "<group>"; };
		3DBCE45A15BCA0CA005CCBDE /* rain@2x.png */ = {isa = PBXFileReference; lastKnownFileType = image.png; name = "rain@2x.png"; path = "Assets/Weather/rain@2x.png"; sourceTree = "<group>"; };
		3DBCE45B15BCA0CA005CCBDE /* Sunny@2x.png */ = {isa = PBXFileReference; lastKnownFileType = image.png; name = "Sunny@2x.png"; path = "Assets/Weather/Sunny@2x.png"; sourceTree = "<group>"; };
		3DBCE45C15BCA0CA005CCBDE /* thunder@2x.png */ = {isa = PBXFileReference; lastKnownFileType = image.png; name = "thunder@2x.png"; path = "Assets/Weather/thunder@2x.png"; sourceTree = "<group>"; };
		3DBCE45D15BCA0CA005CCBDE /* windy2@2x.png */ = {isa = PBXFileReference; lastKnownFileType = image.png; name = "windy2@2x.png"; path = "Assets/Weather/windy2@2x.png"; sourceTree = "<group>"; };
		3DBCE47615BCA3FB005CCBDE /* EventsViewController.h */ = {isa = PBXFileReference; fileEncoding = 4; lastKnownFileType = sourcecode.c.h; path = EventsViewController.h; sourceTree = "<group>"; };
		3DBCE47715BCA3FB005CCBDE /* EventsViewController.m */ = {isa = PBXFileReference; fileEncoding = 4; lastKnownFileType = sourcecode.c.objc; path = EventsViewController.m; sourceTree = "<group>"; };
		3DBCE47815BCA3FB005CCBDE /* EventsViewController.xib */ = {isa = PBXFileReference; fileEncoding = 4; lastKnownFileType = file.xib; path = EventsViewController.xib; sourceTree = "<group>"; };
		3DBCE47C15BCA4FA005CCBDE /* noun_bus.png */ = {isa = PBXFileReference; lastKnownFileType = image.png; name = noun_bus.png; path = Assets/UI/noun_bus.png; sourceTree = "<group>"; };
		3DBCE47D15BCA4FA005CCBDE /* noun_bus@2x.png */ = {isa = PBXFileReference; lastKnownFileType = image.png; name = "noun_bus@2x.png"; path = "Assets/UI/noun_bus@2x.png"; sourceTree = "<group>"; };
		3DBCE47E15BCA4FA005CCBDE /* noun_car.png */ = {isa = PBXFileReference; lastKnownFileType = image.png; name = noun_car.png; path = Assets/UI/noun_car.png; sourceTree = "<group>"; };
		3DBCE47F15BCA4FA005CCBDE /* noun_car@2x.png */ = {isa = PBXFileReference; lastKnownFileType = image.png; name = "noun_car@2x.png"; path = "Assets/UI/noun_car@2x.png"; sourceTree = "<group>"; };
		3DBCE48015BCA4FA005CCBDE /* noun_traintram.png */ = {isa = PBXFileReference; lastKnownFileType = image.png; name = noun_traintram.png; path = Assets/UI/noun_traintram.png; sourceTree = "<group>"; };
		3DBCE48115BCA4FA005CCBDE /* noun_traintram@2x.png */ = {isa = PBXFileReference; lastKnownFileType = image.png; name = "noun_traintram@2x.png"; path = "Assets/UI/noun_traintram@2x.png"; sourceTree = "<group>"; };
		3DC0810815BB84CD003BB12C /* SlideDash.app */ = {isa = PBXFileReference; explicitFileType = wrapper.application; includeInIndex = 0; path = SlideDash.app; sourceTree = BUILT_PRODUCTS_DIR; };
		3DC0810C15BB84CD003BB12C /* UIKit.framework */ = {isa = PBXFileReference; lastKnownFileType = wrapper.framework; name = UIKit.framework; path = System/Library/Frameworks/UIKit.framework; sourceTree = SDKROOT; };
		3DC0810E15BB84CD003BB12C /* Foundation.framework */ = {isa = PBXFileReference; lastKnownFileType = wrapper.framework; name = Foundation.framework; path = System/Library/Frameworks/Foundation.framework; sourceTree = SDKROOT; };
		3DC0811015BB84CD003BB12C /* CoreGraphics.framework */ = {isa = PBXFileReference; lastKnownFileType = wrapper.framework; name = CoreGraphics.framework; path = System/Library/Frameworks/CoreGraphics.framework; sourceTree = SDKROOT; };
		3DC0811415BB84CD003BB12C /* SlideDash-Info.plist */ = {isa = PBXFileReference; lastKnownFileType = text.plist.xml; path = "SlideDash-Info.plist"; sourceTree = "<group>"; };
		3DC0811815BB84CD003BB12C /* main.m */ = {isa = PBXFileReference; lastKnownFileType = sourcecode.c.objc; path = main.m; sourceTree = "<group>"; };
		3DC0811A15BB84CD003BB12C /* SlideDash-Prefix.pch */ = {isa = PBXFileReference; lastKnownFileType = sourcecode.c.h; path = "SlideDash-Prefix.pch"; sourceTree = "<group>"; };
		3DC0811B15BB84CD003BB12C /* AppDelegate.h */ = {isa = PBXFileReference; lastKnownFileType = sourcecode.c.h; path = AppDelegate.h; sourceTree = "<group>"; };
		3DC0811C15BB84CD003BB12C /* AppDelegate.m */ = {isa = PBXFileReference; lastKnownFileType = sourcecode.c.objc; path = AppDelegate.m; sourceTree = "<group>"; };
		3DC56CB915BC8AF900749F03 /* CoreLocation.framework */ = {isa = PBXFileReference; lastKnownFileType = wrapper.framework; name = CoreLocation.framework; path = System/Library/Frameworks/CoreLocation.framework; sourceTree = SDKROOT; };
		3DC56CBC15BC98CB00749F03 /* CommuteSettingsViewController.h */ = {isa = PBXFileReference; fileEncoding = 4; lastKnownFileType = sourcecode.c.h; name = CommuteSettingsViewController.h; path = Classes/Widgets/CommuteSettingsViewController.h; sourceTree = "<group>"; };
		3DC56CBD15BC98CB00749F03 /* CommuteSettingsViewController.m */ = {isa = PBXFileReference; fileEncoding = 4; lastKnownFileType = sourcecode.c.objc; name = CommuteSettingsViewController.m; path = Classes/Widgets/CommuteSettingsViewController.m; sourceTree = "<group>"; };
		3DDDBFD815BC1AE00099297B /* facebook_signin.png */ = {isa = PBXFileReference; lastKnownFileType = image.png; name = facebook_signin.png; path = Assets/UI/facebook_signin.png; sourceTree = "<group>"; };
		3DDDBFD915BC1AE00099297B /* facebook_signin@2x.png */ = {isa = PBXFileReference; lastKnownFileType = image.png; name = "facebook_signin@2x.png"; path = "Assets/UI/facebook_signin@2x.png"; sourceTree = "<group>"; };
		3DF81A0A15BC75FA00D0BF9F /* EventsModel.h */ = {isa = PBXFileReference; fileEncoding = 4; lastKnownFileType = sourcecode.c.h; name = EventsModel.h; path = Classes/Models/EventsModel.h; sourceTree = "<group>"; };
		3DF81A0B15BC75FA00D0BF9F /* EventsModel.m */ = {isa = PBXFileReference; fileEncoding = 4; lastKnownFileType = sourcecode.c.objc; name = EventsModel.m; path = Classes/Models/EventsModel.m; sourceTree = "<group>"; };
		3DF81A0D15BC760500D0BF9F /* ISO8601DateFormatter.h */ = {isa = PBXFileReference; fileEncoding = 4; lastKnownFileType = sourcecode.c.h; name = ISO8601DateFormatter.h; path = Classes/ISO8601DateFormatter.h; sourceTree = "<group>"; };
		3DF81A0E15BC760500D0BF9F /* ISO8601DateFormatter.m */ = {isa = PBXFileReference; fileEncoding = 4; lastKnownFileType = sourcecode.c.objc; name = ISO8601DateFormatter.m; path = Classes/ISO8601DateFormatter.m; sourceTree = "<group>"; };
		D63383E915BBB69E0035BB36 /* EventKit.framework */ = {isa = PBXFileReference; lastKnownFileType = wrapper.framework; name = EventKit.framework; path = System/Library/Frameworks/EventKit.framework; sourceTree = SDKROOT; };
		D693A0FC15BB871200101222 /* FBiOSSDK.framework */ = {isa = PBXFileReference; lastKnownFileType = wrapper.framework; path = FBiOSSDK.framework; sourceTree = "<group>"; };
		D693A0FF15BB871F00101222 /* FBiOSSDKResources.bundle */ = {isa = PBXFileReference; lastKnownFileType = "wrapper.plug-in"; path = FBiOSSDKResources.bundle; sourceTree = "<group>"; };
/* End PBXFileReference section */

/* Begin PBXFrameworksBuildPhase section */
		3DC0810515BB84CD003BB12C /* Frameworks */ = {
			isa = PBXFrameworksBuildPhase;
			buildActionMask = 2147483647;
			files = (
				3DC56CBA15BC8AF900749F03 /* CoreLocation.framework in Frameworks */,
				D63383EA15BBB69E0035BB36 /* EventKit.framework in Frameworks */,
				3DC0810D15BB84CD003BB12C /* UIKit.framework in Frameworks */,
				3DC0810F15BB84CD003BB12C /* Foundation.framework in Frameworks */,
				3DC0811115BB84CD003BB12C /* CoreGraphics.framework in Frameworks */,
				D693A0FD15BB871200101222 /* FBiOSSDK.framework in Frameworks */,
			);
			runOnlyForDeploymentPostprocessing = 0;
		};
/* End PBXFrameworksBuildPhase section */

/* Begin PBXGroup section */
		3D654BDC15BC0E760070CB50 /* Classes */ = {
			isa = PBXGroup;
			children = (
				3DF81A0D15BC760500D0BF9F /* ISO8601DateFormatter.h */,
				3DF81A0E15BC760500D0BF9F /* ISO8601DateFormatter.m */,
				3DF81A0815BC75EA00D0BF9F /* Models */,
				3D654C3515BC0F300070CB50 /* PageViewManager.h */,
				3D654C3615BC0F300070CB50 /* PageViewManager.m */,
				3D654C3415BC0F240070CB50 /* Test */,
				3D654C3315BC0F190070CB50 /* Widgets */,
				3D654C3215BC0F130070CB50 /* Views */,
				3D654C3115BC0F0F0070CB50 /* Controllers */,
			);
			name = Classes;
			sourceTree = "<group>";
		};
		3D654BFB15BC0E8C0070CB50 /* Assets */ = {
			isa = PBXGroup;
			children = (
				3D654C0615BC0EA20070CB50 /* UI */,
				3D654C0515BC0E9F0070CB50 /* Weather */,
			);
			name = Assets;
			sourceTree = "<group>";
		};
		3D654BFC15BC0E900070CB50 /* UI */ = {
			isa = PBXGroup;
			children = (
				3DBCE45415BCA04B005CCBDE /* WeatherSettingsViewController.xib */,
				3DBBD5BF15BC189F0038267B /* CommuteViewController.xib */,
				3D654C5615BC13020070CB50 /* FacebookNotifications.xib */,
				3D654BFD15BC0E990070CB50 /* DashboardView.xib */,
				3D654BFE15BC0E990070CB50 /* MainStoryboard.storyboard */,
				3D654BFF15BC0E990070CB50 /* Tweet.xib */,
				3D654C0015BC0E990070CB50 /* WeatherWidget.xib */,
			);
			name = UI;
			sourceTree = "<group>";
		};
		3D654C0515BC0E9F0070CB50 /* Weather */ = {
			isa = PBXGroup;
			children = (
				3DBCE45615BCA0CA005CCBDE /* cloudy@2x.png */,
				3DBCE45715BCA0CA005CCBDE /* CloudywRain@2x.png */,
				3DBCE45815BCA0CA005CCBDE /* FOG@2x.png */,
				3DBCE45915BCA0CA005CCBDE /* hail@2x.png */,
				3DBCE45A15BCA0CA005CCBDE /* rain@2x.png */,
				3DBCE45B15BCA0CA005CCBDE /* Sunny@2x.png */,
				3DBCE45C15BCA0CA005CCBDE /* thunder@2x.png */,
				3DBCE45D15BCA0CA005CCBDE /* windy2@2x.png */,
				3D654C0715BC0EAF0070CB50 /* cloudy.png */,
				3D654C0815BC0EAF0070CB50 /* CloudywRain.png */,
				3D654C0915BC0EAF0070CB50 /* FOG.png */,
				3D654C0A15BC0EAF0070CB50 /* hail.png */,
				3D654C0B15BC0EAF0070CB50 /* noun_moon.png */,
				3D654C0C15BC0EAF0070CB50 /* noun_moon@2x.png */,
				3D654C0D15BC0EAF0070CB50 /* rain.png */,
				3D654C0E15BC0EAF0070CB50 /* snow.png */,
				3D654C0F15BC0EAF0070CB50 /* Sunny.png */,
				3D654C1015BC0EAF0070CB50 /* thunder.png */,
				3D654C1115BC0EAF0070CB50 /* WeatherSun.png */,
				3D654C1215BC0EAF0070CB50 /* windy.png */,
				3D654C1315BC0EAF0070CB50 /* windy2.png */,
			);
			name = Weather;
			sourceTree = "<group>";
		};
		3D654C0615BC0EA20070CB50 /* UI */ = {
			isa = PBXGroup;
			children = (
				3DBCE47C15BCA4FA005CCBDE /* noun_bus.png */,
				3DBCE47D15BCA4FA005CCBDE /* noun_bus@2x.png */,
				3DBCE47E15BCA4FA005CCBDE /* noun_car.png */,
				3DBCE47F15BCA4FA005CCBDE /* noun_car@2x.png */,
				3DBCE48015BCA4FA005CCBDE /* noun_traintram.png */,
				3DBCE48115BCA4FA005CCBDE /* noun_traintram@2x.png */,
				3DBCE44015BC9FE5005CCBDE /* FBfriends.png */,
				3DBCE44115BC9FE5005CCBDE /* FBfriends@2x.png */,
				3DBCE44215BC9FE5005CCBDE /* FBmessages.png */,
				3DBCE44315BC9FE5005CCBDE /* FBmessages@2x.png */,
				3DBCE44415BC9FE5005CCBDE /* FBnotifications.png */,
				3DBCE44515BC9FE5005CCBDE /* FBnotifications@2x.png */,
				3DBCE44615BC9FE5005CCBDE /* gradientBottom@2x.png */,
				3DBCE44715BC9FE5005CCBDE /* gradientTop@2x.png */,
				3DDDBFD815BC1AE00099297B /* facebook_signin.png */,
				3DDDBFD915BC1AE00099297B /* facebook_signin@2x.png */,
				3DBBD5C115BC18B20038267B /* highway.png */,
				3DBBD5B715BC156E0038267B /* calendar.png */,
				3DBBD5B815BC156E0038267B /* facebook.png */,
				3D654C5815BC13440070CB50 /* facebook_friends.png */,
				3D654C5915BC13440070CB50 /* facebook_message.png */,
				3D654C5A15BC13440070CB50 /* facebook_notification.png */,
				3D654C5415BC11340070CB50 /* twitterKODark.png */,
				3D654C5015BC106D0070CB50 /* twitter.png */,
				3D654C5115BC106D0070CB50 /* twitter@2x.png */,
				3D654C2115BC0EB60070CB50 /* AddDash.png */,
				3D654C2215BC0EB60070CB50 /* AddDash@2x.png */,
				3D654C2315BC0EB60070CB50 /* AddDashselected.png */,
				3D654C2415BC0EB60070CB50 /* AddDashselected@2x.png */,
				3D654C2515BC0EB60070CB50 /* addwidget.png */,
				3D654C2615BC0EB60070CB50 /* addwidget@2x.png */,
				3D654C2715BC0EB60070CB50 /* NavigationBarLogo.png */,
				3D654C2815BC0EB60070CB50 /* NavigationBarLogo@2x.png */,
			);
			name = UI;
			sourceTree = "<group>";
		};
		3D654C3115BC0F0F0070CB50 /* Controllers */ = {
			isa = PBXGroup;
			children = (
				3DBCE47615BCA3FB005CCBDE /* EventsViewController.h */,
				3DBCE47715BCA3FB005CCBDE /* EventsViewController.m */,
				3DBCE47815BCA3FB005CCBDE /* EventsViewController.xib */,
				3D654C3815BC0F3C0070CB50 /* DashboardViewController.h */,
				3D654C3915BC0F3C0070CB50 /* DashboardViewController.m */,
				3D654C3A15BC0F3C0070CB50 /* MainViewController.h */,
				3D654C3B15BC0F3C0070CB50 /* MainViewController.m */,
				3D654C3C15BC0F3C0070CB50 /* SelectWidgetViewController.h */,
				3D654C3D15BC0F3C0070CB50 /* SelectWidgetViewController.m */,
			);
			name = Controllers;
			sourceTree = "<group>";
		};
		3D654C3215BC0F130070CB50 /* Views */ = {
			isa = PBXGroup;
			children = (
				3D654C4415BC0F4C0070CB50 /* WidgetCell.h */,
				3D654C4515BC0F4C0070CB50 /* WidgetCell.m */,
			);
			name = Views;
			sourceTree = "<group>";
		};
		3D654C3315BC0F190070CB50 /* Widgets */ = {
			isa = PBXGroup;
			children = (
				3DBCE45115BCA013005CCBDE /* WeatherSettingsViewController.h */,
				3DBCE45215BCA013005CCBDE /* WeatherSettingsViewController.m */,
				3DBBD5C315BC18C00038267B /* CommuteViewController.h */,
				3DBBD5C415BC18C00038267B /* CommuteViewController.m */,
				3D654C4715BC0F530070CB50 /* FacebookViewController.h */,
				3D654C4815BC0F530070CB50 /* FacebookViewController.m */,
				3D654C4915BC0F530070CB50 /* TweetViewController.h */,
				3D654C4A15BC0F530070CB50 /* TweetViewController.m */,
				3D654C4B15BC0F530070CB50 /* WeatherViewController.h */,
				3D654C4C15BC0F530070CB50 /* WeatherViewController.m */,
				3D654C5E15BC13740070CB50 /* FacebookNotificationsViewController.h */,
				3D654C5F15BC13740070CB50 /* FacebookNotificationsViewController.m */,
				3DBBD5BC15BC16390038267B /* WidgetViewController.h */,
				3DBBD5BD15BC16390038267B /* WidgetViewController.m */,
				3DC56CBC15BC98CB00749F03 /* CommuteSettingsViewController.h */,
				3DC56CBD15BC98CB00749F03 /* CommuteSettingsViewController.m */,
			);
			name = Widgets;
			sourceTree = "<group>";
		};
		3D654C3415BC0F240070CB50 /* Test */ = {
			isa = PBXGroup;
			children = (
				3D654C4115BC0F450070CB50 /* EmbededTweetViewController.h */,
				3D654C4215BC0F450070CB50 /* EmbededTweetViewController.m */,
			);
			name = Test;
			sourceTree = "<group>";
		};
		3DC080FD15BB84CD003BB12C = {
			isa = PBXGroup;
			children = (
				3DC56CB915BC8AF900749F03 /* CoreLocation.framework */,
				3D0DAC7415BBFFD800B27BBC /* icon@2x.png */,
				3D0DAC7215BBFFD600B27BBC /* icon.png */,
				D63383E915BBB69E0035BB36 /* EventKit.framework */,
				3DC0811215BB84CD003BB12C /* SlideDash */,
				3DC0810B15BB84CD003BB12C /* Frameworks */,
				3DC0810915BB84CD003BB12C /* Products */,
			);
			sourceTree = "<group>";
		};
		3DC0810915BB84CD003BB12C /* Products */ = {
			isa = PBXGroup;
			children = (
				3DC0810815BB84CD003BB12C /* SlideDash.app */,
			);
			name = Products;
			sourceTree = "<group>";
		};
		3DC0810B15BB84CD003BB12C /* Frameworks */ = {
			isa = PBXGroup;
			children = (
				D693A0FF15BB871F00101222 /* FBiOSSDKResources.bundle */,
				3DC0810C15BB84CD003BB12C /* UIKit.framework */,
				3DC0810E15BB84CD003BB12C /* Foundation.framework */,
				3DC0811015BB84CD003BB12C /* CoreGraphics.framework */,
			);
			name = Frameworks;
			sourceTree = "<group>";
		};
		3DC0811215BB84CD003BB12C /* SlideDash */ = {
			isa = PBXGroup;
			children = (
				3D654BFC15BC0E900070CB50 /* UI */,
				3D654BFB15BC0E8C0070CB50 /* Assets */,
				3D654BDC15BC0E760070CB50 /* Classes */,
				3DC0811B15BB84CD003BB12C /* AppDelegate.h */,
				3DC0811C15BB84CD003BB12C /* AppDelegate.m */,
				D693A0FC15BB871200101222 /* FBiOSSDK.framework */,
				3DC0811315BB84CD003BB12C /* Supporting Files */,
				3D9C7C8215BBDE1C00D9F62A /* widgets.plist */,
			);
			path = SlideDash;
			sourceTree = "<group>";
		};
		3DC0811315BB84CD003BB12C /* Supporting Files */ = {
			isa = PBXGroup;
			children = (
				3DC0811415BB84CD003BB12C /* SlideDash-Info.plist */,
				3DC0811815BB84CD003BB12C /* main.m */,
				3DC0811A15BB84CD003BB12C /* SlideDash-Prefix.pch */,
			);
			name = "Supporting Files";
			sourceTree = "<group>";
		};
		3DF81A0815BC75EA00D0BF9F /* Models */ = {
			isa = PBXGroup;
			children = (
				3DF81A0A15BC75FA00D0BF9F /* EventsModel.h */,
				3DF81A0B15BC75FA00D0BF9F /* EventsModel.m */,
			);
			name = Models;
			sourceTree = "<group>";
		};
/* End PBXGroup section */

/* Begin PBXNativeTarget section */
		3DC0810715BB84CD003BB12C /* SlideDash */ = {
			isa = PBXNativeTarget;
			buildConfigurationList = 3DC0812615BB84CD003BB12C /* Build configuration list for PBXNativeTarget "SlideDash" */;
			buildPhases = (
				3DC0810415BB84CD003BB12C /* Sources */,
				3DC0810515BB84CD003BB12C /* Frameworks */,
				3DC0810615BB84CD003BB12C /* Resources */,
			);
			buildRules = (
			);
			dependencies = (
			);
			name = SlideDash;
			productName = SlideDash;
			productReference = 3DC0810815BB84CD003BB12C /* SlideDash.app */;
			productType = "com.apple.product-type.application";
		};
/* End PBXNativeTarget section */

/* Begin PBXProject section */
		3DC080FF15BB84CD003BB12C /* Project object */ = {
			isa = PBXProject;
			attributes = {
				LastUpgradeCheck = 0440;
				ORGANIZATIONNAME = teamslide;
			};
			buildConfigurationList = 3DC0810215BB84CD003BB12C /* Build configuration list for PBXProject "SlideDash" */;
			compatibilityVersion = "Xcode 3.2";
			developmentRegion = English;
			hasScannedForEncodings = 0;
			knownRegions = (
				en,
			);
			mainGroup = 3DC080FD15BB84CD003BB12C;
			productRefGroup = 3DC0810915BB84CD003BB12C /* Products */;
			projectDirPath = "";
			projectRoot = "";
			targets = (
				3DC0810715BB84CD003BB12C /* SlideDash */,
			);
		};
/* End PBXProject section */

/* Begin PBXResourcesBuildPhase section */
		3DC0810615BB84CD003BB12C /* Resources */ = {
			isa = PBXResourcesBuildPhase;
			buildActionMask = 2147483647;
			files = (
				D693A10015BB871F00101222 /* FBiOSSDKResources.bundle in Resources */,
				3D0DAC0715BBFF2300B27BBC /* widgets.plist in Resources */,
				3D0DAC7315BBFFD600B27BBC /* icon.png in Resources */,
				3D0DAC7515BBFFD800B27BBC /* icon@2x.png in Resources */,
				3D654C0115BC0E990070CB50 /* DashboardView.xib in Resources */,
				3D654C0215BC0E990070CB50 /* MainStoryboard.storyboard in Resources */,
				3D654C0315BC0E990070CB50 /* Tweet.xib in Resources */,
				3D654C0415BC0E990070CB50 /* WeatherWidget.xib in Resources */,
				3D654C1415BC0EAF0070CB50 /* cloudy.png in Resources */,
				3D654C1515BC0EAF0070CB50 /* CloudywRain.png in Resources */,
				3D654C1615BC0EAF0070CB50 /* FOG.png in Resources */,
				3D654C1715BC0EAF0070CB50 /* hail.png in Resources */,
				3D654C1815BC0EAF0070CB50 /* noun_moon.png in Resources */,
				3D654C1915BC0EAF0070CB50 /* noun_moon@2x.png in Resources */,
				3D654C1A15BC0EAF0070CB50 /* rain.png in Resources */,
				3D654C1B15BC0EAF0070CB50 /* snow.png in Resources */,
				3D654C1C15BC0EAF0070CB50 /* Sunny.png in Resources */,
				3D654C1D15BC0EAF0070CB50 /* thunder.png in Resources */,
				3D654C1E15BC0EAF0070CB50 /* WeatherSun.png in Resources */,
				3D654C1F15BC0EAF0070CB50 /* windy.png in Resources */,
				3D654C2015BC0EAF0070CB50 /* windy2.png in Resources */,
				3D654C2915BC0EB60070CB50 /* AddDash.png in Resources */,
				3D654C2A15BC0EB60070CB50 /* AddDash@2x.png in Resources */,
				3D654C2B15BC0EB60070CB50 /* AddDashselected.png in Resources */,
				3D654C2C15BC0EB60070CB50 /* AddDashselected@2x.png in Resources */,
				3D654C2D15BC0EB60070CB50 /* addwidget.png in Resources */,
				3D654C2E15BC0EB60070CB50 /* addwidget@2x.png in Resources */,
				3D654C2F15BC0EB60070CB50 /* NavigationBarLogo.png in Resources */,
				3D654C3015BC0EB60070CB50 /* NavigationBarLogo@2x.png in Resources */,
				3D654C5215BC106D0070CB50 /* twitter.png in Resources */,
				3D654C5315BC106D0070CB50 /* twitter@2x.png in Resources */,
				3D654C5515BC11340070CB50 /* twitterKODark.png in Resources */,
				3D654C5715BC13020070CB50 /* FacebookNotifications.xib in Resources */,
				3D654C5B15BC13440070CB50 /* facebook_friends.png in Resources */,
				3D654C5C15BC13440070CB50 /* facebook_message.png in Resources */,
				3D654C5D15BC13440070CB50 /* facebook_notification.png in Resources */,
				3DBBD5B915BC156E0038267B /* calendar.png in Resources */,
				3DBBD5BA15BC156E0038267B /* facebook.png in Resources */,
				3DBBD5C015BC189F0038267B /* CommuteViewController.xib in Resources */,
				3DBBD5C215BC18B20038267B /* highway.png in Resources */,
				3DDDBFDA15BC1AE00099297B /* facebook_signin.png in Resources */,
				3DDDBFDB15BC1AE00099297B /* facebook_signin@2x.png in Resources */,
				3DBCE44815BC9FE5005CCBDE /* FBfriends.png in Resources */,
				3DBCE44915BC9FE5005CCBDE /* FBfriends@2x.png in Resources */,
				3DBCE44A15BC9FE5005CCBDE /* FBmessages.png in Resources */,
				3DBCE44B15BC9FE5005CCBDE /* FBmessages@2x.png in Resources */,
				3DBCE44C15BC9FE5005CCBDE /* FBnotifications.png in Resources */,
				3DBCE44D15BC9FE5005CCBDE /* FBnotifications@2x.png in Resources */,
				3DBCE44E15BC9FE5005CCBDE /* gradientBottom@2x.png in Resources */,
				3DBCE44F15BC9FE5005CCBDE /* gradientTop@2x.png in Resources */,
				3DBCE45515BCA04B005CCBDE /* WeatherSettingsViewController.xib in Resources */,
				3DBCE45E15BCA0CA005CCBDE /* cloudy@2x.png in Resources */,
				3DBCE45F15BCA0CA005CCBDE /* CloudywRain@2x.png in Resources */,
				3DBCE46015BCA0CA005CCBDE /* FOG@2x.png in Resources */,
				3DBCE46115BCA0CA005CCBDE /* hail@2x.png in Resources */,
				3DBCE46215BCA0CA005CCBDE /* rain@2x.png in Resources */,
				3DBCE46315BCA0CA005CCBDE /* Sunny@2x.png in Resources */,
				3DBCE46415BCA0CA005CCBDE /* thunder@2x.png in Resources */,
				3DBCE46515BCA0CA005CCBDE /* windy2@2x.png in Resources */,
				3DBCE47A15BCA3FB005CCBDE /* EventsViewController.xib in Resources */,
				3DBCE48215BCA4FA005CCBDE /* noun_bus.png in Resources */,
				3DBCE48315BCA4FA005CCBDE /* noun_bus@2x.png in Resources */,
				3DBCE48415BCA4FA005CCBDE /* noun_car.png in Resources */,
				3DBCE48515BCA4FA005CCBDE /* noun_car@2x.png in Resources */,
				3DBCE48615BCA4FA005CCBDE /* noun_traintram.png in Resources */,
				3DBCE48715BCA4FA005CCBDE /* noun_traintram@2x.png in Resources */,
			);
			runOnlyForDeploymentPostprocessing = 0;
		};
/* End PBXResourcesBuildPhase section */

/* Begin PBXSourcesBuildPhase section */
		3DC0810415BB84CD003BB12C /* Sources */ = {
			isa = PBXSourcesBuildPhase;
			buildActionMask = 2147483647;
			files = (
				3DC0811915BB84CD003BB12C /* main.m in Sources */,
				3DC0811D15BB84CD003BB12C /* AppDelegate.m in Sources */,
				3D654C3715BC0F300070CB50 /* PageViewManager.m in Sources */,
				3D654C3E15BC0F3C0070CB50 /* DashboardViewController.m in Sources */,
				3D654C3F15BC0F3C0070CB50 /* MainViewController.m in Sources */,
				3D654C4015BC0F3C0070CB50 /* SelectWidgetViewController.m in Sources */,
				3D654C4315BC0F450070CB50 /* EmbededTweetViewController.m in Sources */,
				3D654C4615BC0F4C0070CB50 /* WidgetCell.m in Sources */,
				3D654C4D15BC0F530070CB50 /* FacebookViewController.m in Sources */,
				3D654C4E15BC0F530070CB50 /* TweetViewController.m in Sources */,
				3D654C4F15BC0F530070CB50 /* WeatherViewController.m in Sources */,
				3D654C6015BC13740070CB50 /* FacebookNotificationsViewController.m in Sources */,
				3DBBD5BE15BC16390038267B /* WidgetViewController.m in Sources */,
				3DBBD5C515BC18C00038267B /* CommuteViewController.m in Sources */,
				3DF81A0C15BC75FA00D0BF9F /* EventsModel.m in Sources */,
				3DF81A0F15BC760500D0BF9F /* ISO8601DateFormatter.m in Sources */,
				3DC56CBE15BC98CB00749F03 /* CommuteSettingsViewController.m in Sources */,
				3DBCE45315BCA013005CCBDE /* WeatherSettingsViewController.m in Sources */,
				3DBCE47915BCA3FB005CCBDE /* EventsViewController.m in Sources */,
			);
			runOnlyForDeploymentPostprocessing = 0;
		};
/* End PBXSourcesBuildPhase section */

/* Begin XCBuildConfiguration section */
		3DC0812415BB84CD003BB12C /* Debug */ = {
			isa = XCBuildConfiguration;
			buildSettings = {
				ALWAYS_SEARCH_USER_PATHS = NO;
				ARCHS = "$(ARCHS_STANDARD_32_BIT)";
				CLANG_CXX_LANGUAGE_STANDARD = "gnu++0x";
				CLANG_ENABLE_OBJC_ARC = YES;
				CLANG_WARN__DUPLICATE_METHOD_MATCH = YES;
				"CODE_SIGN_IDENTITY[sdk=iphoneos*]" = "iPhone Developer";
				COPY_PHASE_STRIP = NO;
				GCC_C_LANGUAGE_STANDARD = gnu99;
				GCC_DYNAMIC_NO_PIC = NO;
				GCC_OPTIMIZATION_LEVEL = 0;
				GCC_PREPROCESSOR_DEFINITIONS = (
					"DEBUG=1",
					"$(inherited)",
				);
				GCC_SYMBOLS_PRIVATE_EXTERN = NO;
				GCC_VERSION = com.apple.compilers.llvm.clang.1_0;
				GCC_WARN_ABOUT_RETURN_TYPE = YES;
				GCC_WARN_UNINITIALIZED_AUTOS = YES;
				GCC_WARN_UNUSED_VARIABLE = YES;
				IPHONEOS_DEPLOYMENT_TARGET = 5.1;
				SDKROOT = iphoneos;
			};
			name = Debug;
		};
		3DC0812515BB84CD003BB12C /* Release */ = {
			isa = XCBuildConfiguration;
			buildSettings = {
				ALWAYS_SEARCH_USER_PATHS = NO;
				ARCHS = "$(ARCHS_STANDARD_32_BIT)";
				CLANG_CXX_LANGUAGE_STANDARD = "gnu++0x";
				CLANG_ENABLE_OBJC_ARC = YES;
				CLANG_WARN__DUPLICATE_METHOD_MATCH = YES;
				"CODE_SIGN_IDENTITY[sdk=iphoneos*]" = "iPhone Developer";
				COPY_PHASE_STRIP = YES;
				GCC_C_LANGUAGE_STANDARD = gnu99;
				GCC_VERSION = com.apple.compilers.llvm.clang.1_0;
				GCC_WARN_ABOUT_RETURN_TYPE = YES;
				GCC_WARN_UNINITIALIZED_AUTOS = YES;
				GCC_WARN_UNUSED_VARIABLE = YES;
				IPHONEOS_DEPLOYMENT_TARGET = 5.1;
				OTHER_CFLAGS = "-DNS_BLOCK_ASSERTIONS=1";
				SDKROOT = iphoneos;
				VALIDATE_PRODUCT = YES;
			};
			name = Release;
		};
		3DC0812715BB84CD003BB12C /* Debug */ = {
			isa = XCBuildConfiguration;
			buildSettings = {
				FRAMEWORK_SEARCH_PATHS = (
					"$(inherited)",
					"\"$(SRCROOT)/SlideDash\"",
				);
				GCC_PRECOMPILE_PREFIX_HEADER = YES;
				GCC_PREFIX_HEADER = "SlideDash/SlideDash-Prefix.pch";
				INFOPLIST_FILE = "$(SRCROOT)/SlideDash/SlideDash-Info.plist";
				OTHER_LDFLAGS = "-lsqlite3.0";
				PRODUCT_NAME = "$(TARGET_NAME)";
				WRAPPER_EXTENSION = app;
			};
			name = Debug;
		};
		3DC0812815BB84CD003BB12C /* Release */ = {
			isa = XCBuildConfiguration;
			buildSettings = {
				FRAMEWORK_SEARCH_PATHS = (
					"$(inherited)",
					"\"$(SRCROOT)/SlideDash\"",
				);
				GCC_PRECOMPILE_PREFIX_HEADER = YES;
				GCC_PREFIX_HEADER = "SlideDash/SlideDash-Prefix.pch";
				INFOPLIST_FILE = "$(SRCROOT)/SlideDash/SlideDash-Info.plist";
				OTHER_LDFLAGS = "-lsqlite3.0";
				PRODUCT_NAME = "$(TARGET_NAME)";
				WRAPPER_EXTENSION = app;
			};
			name = Release;
		};
/* End XCBuildConfiguration section */

/* Begin XCConfigurationList section */
		3DC0810215BB84CD003BB12C /* Build configuration list for PBXProject "SlideDash" */ = {
			isa = XCConfigurationList;
			buildConfigurations = (
				3DC0812415BB84CD003BB12C /* Debug */,
				3DC0812515BB84CD003BB12C /* Release */,
			);
			defaultConfigurationIsVisible = 0;
			defaultConfigurationName = Release;
		};
		3DC0812615BB84CD003BB12C /* Build configuration list for PBXNativeTarget "SlideDash" */ = {
			isa = XCConfigurationList;
			buildConfigurations = (
				3DC0812715BB84CD003BB12C /* Debug */,
				3DC0812815BB84CD003BB12C /* Release */,
			);
			defaultConfigurationIsVisible = 0;
			defaultConfigurationName = Release;
		};
/* End XCConfigurationList section */
	};
	rootObject = 3DC080FF15BB84CD003BB12C /* Project object */;
}
