// !$*UTF8*$!
{
	archiveVersion = 1;
	classes = {
	};
	objectVersion = 46;
	objects = {

/* Begin PBXBuildFile section */
		3D2DECB215BB859E002111B7 /* MainViewController.m in Sources */ = {isa = PBXBuildFile; fileRef = 3D2DECAD15BB859E002111B7 /* MainViewController.m */; };
		3D2DECB315BB859E002111B7 /* MainStoryboard.storyboard in Resources */ = {isa = PBXBuildFile; fileRef = 3D2DECAF15BB859E002111B7 /* MainStoryboard.storyboard */; };
		3D2DECB415BB859E002111B7 /* PageViewManager.m in Sources */ = {isa = PBXBuildFile; fileRef = 3D2DECB015BB859E002111B7 /* PageViewManager.m */; };
		3D9C319F15BBC2D600A52ADA /* WeatherViewController.m in Sources */ = {isa = PBXBuildFile; fileRef = 2A4234FD15BBA38300C0F3B5 /* WeatherViewController.m */; };
		3DC0810D15BB84CD003BB12C /* UIKit.framework in Frameworks */ = {isa = PBXBuildFile; fileRef = 3DC0810C15BB84CD003BB12C /* UIKit.framework */; };
		3DC0810F15BB84CD003BB12C /* Foundation.framework in Frameworks */ = {isa = PBXBuildFile; fileRef = 3DC0810E15BB84CD003BB12C /* Foundation.framework */; };
		3DC0811115BB84CD003BB12C /* CoreGraphics.framework in Frameworks */ = {isa = PBXBuildFile; fileRef = 3DC0811015BB84CD003BB12C /* CoreGraphics.framework */; };
		3DC0811715BB84CD003BB12C /* InfoPlist.strings in Resources */ = {isa = PBXBuildFile; fileRef = 3DC0811515BB84CD003BB12C /* InfoPlist.strings */; };
		3DC0811915BB84CD003BB12C /* main.m in Sources */ = {isa = PBXBuildFile; fileRef = 3DC0811815BB84CD003BB12C /* main.m */; };
		3DC0811D15BB84CD003BB12C /* AppDelegate.m in Sources */ = {isa = PBXBuildFile; fileRef = 3DC0811C15BB84CD003BB12C /* AppDelegate.m */; };
		3DC75A5915BBF72000048BFF /* DashboardViewController.m in Sources */ = {isa = PBXBuildFile; fileRef = 3D9C31AC15BBC49800A52ADA /* DashboardViewController.m */; };
		3DC75A5B15BBF72800048BFF /* WidgetCell.m in Sources */ = {isa = PBXBuildFile; fileRef = 3D9C7C7B15BBD7B800D9F62A /* WidgetCell.m */; };
		3DC75A5C15BBF72800048BFF /* SelectWidgetViewController.m in Sources */ = {isa = PBXBuildFile; fileRef = 3D9C7C8015BBDDCC00D9F62A /* SelectWidgetViewController.m */; };
		D63383EA15BBB69E0035BB36 /* EventKit.framework in Frameworks */ = {isa = PBXBuildFile; fileRef = D63383E915BBB69E0035BB36 /* EventKit.framework */; };
		D693A0FD15BB871200101222 /* FBiOSSDK.framework in Frameworks */ = {isa = PBXBuildFile; fileRef = D693A0FC15BB871200101222 /* FBiOSSDK.framework */; };
		D693A10015BB871F00101222 /* FBiOSSDKResources.bundle in Resources */ = {isa = PBXBuildFile; fileRef = D693A0FF15BB871F00101222 /* FBiOSSDKResources.bundle */; };
		D693A10B15BB8AA200101222 /* FacebookViewController.m in Sources */ = {isa = PBXBuildFile; fileRef = D693A10A15BB8AA200101222 /* FacebookViewController.m */; };
		D6A3816515BC1E1D00BD2F94 /* ISO8601DateFormatter.m in Sources */ = {isa = PBXBuildFile; fileRef = D6A3816415BC1E1D00BD2F94 /* ISO8601DateFormatter.m */; settings = {COMPILER_FLAGS = "-fno-objc-arc"; }; };
		D6F1C1EF15BBFA3F00B65C21 /* EventsModel.m in Sources */ = {isa = PBXBuildFile; fileRef = D6F1C1EE15BBFA3F00B65C21 /* EventsModel.m */; };
/* End PBXBuildFile section */

/* Begin PBXFileReference section */
		2A4234FC15BBA38300C0F3B5 /* WeatherViewController.h */ = {isa = PBXFileReference; lastKnownFileType = sourcecode.c.h; path = WeatherViewController.h; sourceTree = "<group>"; };
		2A4234FD15BBA38300C0F3B5 /* WeatherViewController.m */ = {isa = PBXFileReference; lastKnownFileType = sourcecode.c.objc; path = WeatherViewController.m; sourceTree = "<group>"; };
		2A4234FE15BBA38300C0F3B5 /* WeatherWidget.xib */ = {isa = PBXFileReference; lastKnownFileType = file.xib; path = WeatherWidget.xib; sourceTree = "<group>"; };
		3D2DECAD15BB859E002111B7 /* MainViewController.m */ = {isa = PBXFileReference; fileEncoding = 4; lastKnownFileType = sourcecode.c.objc; path = MainViewController.m; sourceTree = "<group>"; };
		3D2DECAE15BB859E002111B7 /* MainViewController.h */ = {isa = PBXFileReference; fileEncoding = 4; lastKnownFileType = sourcecode.c.h; path = MainViewController.h; sourceTree = "<group>"; };
		3D2DECAF15BB859E002111B7 /* MainStoryboard.storyboard */ = {isa = PBXFileReference; fileEncoding = 4; lastKnownFileType = file.storyboard; path = MainStoryboard.storyboard; sourceTree = "<group>"; };
		3D2DECB015BB859E002111B7 /* PageViewManager.m */ = {isa = PBXFileReference; fileEncoding = 4; lastKnownFileType = sourcecode.c.objc; path = PageViewManager.m; sourceTree = "<group>"; };
		3D2DECB115BB859E002111B7 /* PageViewManager.h */ = {isa = PBXFileReference; fileEncoding = 4; lastKnownFileType = sourcecode.c.h; path = PageViewManager.h; sourceTree = "<group>"; };
		3D805BE115BBF1CA006438E3 /* AddDash.png */ = {isa = PBXFileReference; lastKnownFileType = image.png; path = AddDash.png; sourceTree = "<group>"; };
		3D805BE215BBF1CA006438E3 /* AddDashselected.png */ = {isa = PBXFileReference; lastKnownFileType = image.png; path = AddDashselected.png; sourceTree = "<group>"; };
		3D805BE315BBF1CA006438E3 /* AddDash@2x.png */ = {isa = PBXFileReference; lastKnownFileType = image.png; path = "AddDash@2x.png"; sourceTree = "<group>"; };
		3D805BE415BBF1CA006438E3 /* AddDashselected@2x.png */ = {isa = PBXFileReference; lastKnownFileType = image.png; path = "AddDashselected@2x.png"; sourceTree = "<group>"; };
		3D9C31AC15BBC49800A52ADA /* DashboardViewController.m */ = {isa = PBXFileReference; fileEncoding = 4; lastKnownFileType = sourcecode.c.objc; path = DashboardViewController.m; sourceTree = "<group>"; };
		3D9C31AD15BBC49800A52ADA /* DashboardViewController.h */ = {isa = PBXFileReference; fileEncoding = 4; lastKnownFileType = sourcecode.c.h; path = DashboardViewController.h; sourceTree = "<group>"; };
		3D9C31AF15BBC65A00A52ADA /* NavigationBarLogo@2x.png */ = {isa = PBXFileReference; lastKnownFileType = image.png; path = "NavigationBarLogo@2x.png"; sourceTree = "<group>"; };
		3D9C31B015BBC65A00A52ADA /* NavigationBarLogo.png */ = {isa = PBXFileReference; lastKnownFileType = image.png; path = NavigationBarLogo.png; sourceTree = "<group>"; };
		3D9C7C7A15BBD7B800D9F62A /* WidgetCell.h */ = {isa = PBXFileReference; fileEncoding = 4; lastKnownFileType = sourcecode.c.h; path = WidgetCell.h; sourceTree = "<group>"; };
		3D9C7C7B15BBD7B800D9F62A /* WidgetCell.m */ = {isa = PBXFileReference; fileEncoding = 4; lastKnownFileType = sourcecode.c.objc; path = WidgetCell.m; sourceTree = "<group>"; };
		3D9C7C7F15BBDDCC00D9F62A /* SelectWidgetViewController.h */ = {isa = PBXFileReference; fileEncoding = 4; lastKnownFileType = sourcecode.c.h; path = SelectWidgetViewController.h; sourceTree = "<group>"; };
		3D9C7C8015BBDDCC00D9F62A /* SelectWidgetViewController.m */ = {isa = PBXFileReference; fileEncoding = 4; lastKnownFileType = sourcecode.c.objc; path = SelectWidgetViewController.m; sourceTree = "<group>"; };
		3D9C7C8215BBDE1C00D9F62A /* widgets.plist */ = {isa = PBXFileReference; fileEncoding = 4; lastKnownFileType = text.plist.xml; path = widgets.plist; sourceTree = "<group>"; };
		3DC0810815BB84CD003BB12C /* SlideDash.app */ = {isa = PBXFileReference; explicitFileType = wrapper.application; includeInIndex = 0; path = SlideDash.app; sourceTree = BUILT_PRODUCTS_DIR; };
		3DC0810C15BB84CD003BB12C /* UIKit.framework */ = {isa = PBXFileReference; lastKnownFileType = wrapper.framework; name = UIKit.framework; path = System/Library/Frameworks/UIKit.framework; sourceTree = SDKROOT; };
		3DC0810E15BB84CD003BB12C /* Foundation.framework */ = {isa = PBXFileReference; lastKnownFileType = wrapper.framework; name = Foundation.framework; path = System/Library/Frameworks/Foundation.framework; sourceTree = SDKROOT; };
		3DC0811015BB84CD003BB12C /* CoreGraphics.framework */ = {isa = PBXFileReference; lastKnownFileType = wrapper.framework; name = CoreGraphics.framework; path = System/Library/Frameworks/CoreGraphics.framework; sourceTree = SDKROOT; };
		3DC0811415BB84CD003BB12C /* SlideDash-Info.plist */ = {isa = PBXFileReference; lastKnownFileType = text.plist.xml; path = "SlideDash-Info.plist"; sourceTree = "<group>"; };
		3DC0811615BB84CD003BB12C /* en */ = {isa = PBXFileReference; lastKnownFileType = text.plist.strings; name = en; path = en.lproj/InfoPlist.strings; sourceTree = "<group>"; };
		3DC0811815BB84CD003BB12C /* main.m */ = {isa = PBXFileReference; lastKnownFileType = sourcecode.c.objc; path = main.m; sourceTree = "<group>"; };
		3DC0811A15BB84CD003BB12C /* SlideDash-Prefix.pch */ = {isa = PBXFileReference; lastKnownFileType = sourcecode.c.h; path = "SlideDash-Prefix.pch"; sourceTree = "<group>"; };
		3DC0811B15BB84CD003BB12C /* AppDelegate.h */ = {isa = PBXFileReference; lastKnownFileType = sourcecode.c.h; path = AppDelegate.h; sourceTree = "<group>"; };
		3DC0811C15BB84CD003BB12C /* AppDelegate.m */ = {isa = PBXFileReference; lastKnownFileType = sourcecode.c.objc; path = AppDelegate.m; sourceTree = "<group>"; };
		3DF20DA615BBAD9400A9CCBE /* addwidget.png */ = {isa = PBXFileReference; lastKnownFileType = image.png; name = addwidget.png; path = Assets/addwidget.png; sourceTree = "<group>"; };
		3DF20DA715BBAD9400A9CCBE /* addwidget@2x.png */ = {isa = PBXFileReference; lastKnownFileType = image.png; name = "addwidget@2x.png"; path = "Assets/addwidget@2x.png"; sourceTree = "<group>"; };
		D63383E915BBB69E0035BB36 /* EventKit.framework */ = {isa = PBXFileReference; lastKnownFileType = wrapper.framework; name = EventKit.framework; path = System/Library/Frameworks/EventKit.framework; sourceTree = SDKROOT; };
		D693A0FC15BB871200101222 /* FBiOSSDK.framework */ = {isa = PBXFileReference; lastKnownFileType = wrapper.framework; path = FBiOSSDK.framework; sourceTree = "<group>"; };
		D693A0FF15BB871F00101222 /* FBiOSSDKResources.bundle */ = {isa = PBXFileReference; lastKnownFileType = "wrapper.plug-in"; path = FBiOSSDKResources.bundle; sourceTree = "<group>"; };
		D693A10915BB8AA200101222 /* FacebookViewController.h */ = {isa = PBXFileReference; fileEncoding = 4; lastKnownFileType = sourcecode.c.h; path = FacebookViewController.h; sourceTree = "<group>"; };
		D693A10A15BB8AA200101222 /* FacebookViewController.m */ = {isa = PBXFileReference; fileEncoding = 4; lastKnownFileType = sourcecode.c.objc; path = FacebookViewController.m; sourceTree = "<group>"; };
		D6A3816315BC1E1D00BD2F94 /* ISO8601DateFormatter.h */ = {isa = PBXFileReference; fileEncoding = 4; lastKnownFileType = sourcecode.c.h; path = ISO8601DateFormatter.h; sourceTree = "<group>"; };
		D6A3816415BC1E1D00BD2F94 /* ISO8601DateFormatter.m */ = {isa = PBXFileReference; fileEncoding = 4; lastKnownFileType = sourcecode.c.objc; path = ISO8601DateFormatter.m; sourceTree = "<group>"; };
		D6F1C1ED15BBFA3F00B65C21 /* EventsModel.h */ = {isa = PBXFileReference; fileEncoding = 4; lastKnownFileType = sourcecode.c.h; path = EventsModel.h; sourceTree = "<group>"; };
		D6F1C1EE15BBFA3F00B65C21 /* EventsModel.m */ = {isa = PBXFileReference; fileEncoding = 4; lastKnownFileType = sourcecode.c.objc; path = EventsModel.m; sourceTree = "<group>"; };
/* End PBXFileReference section */

/* Begin PBXFrameworksBuildPhase section */
		3DC0810515BB84CD003BB12C /* Frameworks */ = {
			isa = PBXFrameworksBuildPhase;
			buildActionMask = 2147483647;
			files = (
				D63383EA15BBB69E0035BB36 /* EventKit.framework in Frameworks */,
				3DC0810D15BB84CD003BB12C /* UIKit.framework in Frameworks */,
				3DC0810F15BB84CD003BB12C /* Foundation.framework in Frameworks */,
				3DC0811115BB84CD003BB12C /* CoreGraphics.framework in Frameworks */,
				D693A0FD15BB871200101222 /* FBiOSSDK.framework in Frameworks */,
			);
			runOnlyForDeploymentPostprocessing = 0;
		};
/* End PBXFrameworksBuildPhase section */

/* Begin PBXGroup section */
		3D9C7C7E15BBD8C000D9F62A /* Controllers */ = {
			isa = PBXGroup;
			children = (
			);
			name = Controllers;
			sourceTree = "<group>";
		};
		3DC080FD15BB84CD003BB12C = {
			isa = PBXGroup;
			children = (
				D63383E915BBB69E0035BB36 /* EventKit.framework */,
				3DC0811215BB84CD003BB12C /* SlideDash */,
				3DC0810B15BB84CD003BB12C /* Frameworks */,
				3DC0810915BB84CD003BB12C /* Products */,
			);
			sourceTree = "<group>";
		};
		3DC0810915BB84CD003BB12C /* Products */ = {
			isa = PBXGroup;
			children = (
				3DC0810815BB84CD003BB12C /* SlideDash.app */,
			);
			name = Products;
			sourceTree = "<group>";
		};
		3DC0810B15BB84CD003BB12C /* Frameworks */ = {
			isa = PBXGroup;
			children = (
				D693A0FF15BB871F00101222 /* FBiOSSDKResources.bundle */,
				3DC0810C15BB84CD003BB12C /* UIKit.framework */,
				3DC0810E15BB84CD003BB12C /* Foundation.framework */,
				3DC0811015BB84CD003BB12C /* CoreGraphics.framework */,
			);
			name = Frameworks;
			sourceTree = "<group>";
		};
		3DC0811215BB84CD003BB12C /* SlideDash */ = {
			isa = PBXGroup;
			children = (
				3D9C7C7E15BBD8C000D9F62A /* Controllers */,
				3D9C31AC15BBC49800A52ADA /* DashboardViewController.m */,
				3D9C31AD15BBC49800A52ADA /* DashboardViewController.h */,
				3DF20DA415BBAD4100A9CCBE /* Assets */,
				3D2DECAE15BB859E002111B7 /* MainViewController.h */,
				3D2DECAD15BB859E002111B7 /* MainViewController.m */,
				D6F1C1ED15BBFA3F00B65C21 /* EventsModel.h */,
				D6F1C1EE15BBFA3F00B65C21 /* EventsModel.m */,
				D6A3816315BC1E1D00BD2F94 /* ISO8601DateFormatter.h */,
				D6A3816415BC1E1D00BD2F94 /* ISO8601DateFormatter.m */,
				3D2DECAF15BB859E002111B7 /* MainStoryboard.storyboard */,
				D693A10915BB8AA200101222 /* FacebookViewController.h */,
				D693A10A15BB8AA200101222 /* FacebookViewController.m */,
				3D2DECB015BB859E002111B7 /* PageViewManager.m */,
				3D2DECB115BB859E002111B7 /* PageViewManager.h */,
				2A4234FC15BBA38300C0F3B5 /* WeatherViewController.h */,
				2A4234FD15BBA38300C0F3B5 /* WeatherViewController.m */,
				2A4234FE15BBA38300C0F3B5 /* WeatherWidget.xib */,
				3DC0811B15BB84CD003BB12C /* AppDelegate.h */,
				3DC0811C15BB84CD003BB12C /* AppDelegate.m */,
				D693A0FC15BB871200101222 /* FBiOSSDK.framework */,
				3DC0811315BB84CD003BB12C /* Supporting Files */,
				3D9C7C7A15BBD7B800D9F62A /* WidgetCell.h */,
				3D9C7C7B15BBD7B800D9F62A /* WidgetCell.m */,
				3D9C7C7F15BBDDCC00D9F62A /* SelectWidgetViewController.h */,
				3D9C7C8015BBDDCC00D9F62A /* SelectWidgetViewController.m */,
				3D9C7C8215BBDE1C00D9F62A /* widgets.plist */,
			);
			path = SlideDash;
			sourceTree = "<group>";
		};
		3DC0811315BB84CD003BB12C /* Supporting Files */ = {
			isa = PBXGroup;
			children = (
				3DC0811415BB84CD003BB12C /* SlideDash-Info.plist */,
				3DC0811515BB84CD003BB12C /* InfoPlist.strings */,
				3DC0811815BB84CD003BB12C /* main.m */,
				3DC0811A15BB84CD003BB12C /* SlideDash-Prefix.pch */,
			);
			name = "Supporting Files";
			sourceTree = "<group>";
		};
		3DF20DA415BBAD4100A9CCBE /* Assets */ = {
			isa = PBXGroup;
			children = (
				3D805BE115BBF1CA006438E3 /* AddDash.png */,
				3D805BE215BBF1CA006438E3 /* AddDashselected.png */,
				3D805BE315BBF1CA006438E3 /* AddDash@2x.png */,
				3D805BE415BBF1CA006438E3 /* AddDashselected@2x.png */,
				3D9C31AF15BBC65A00A52ADA /* NavigationBarLogo@2x.png */,
				3D9C31B015BBC65A00A52ADA /* NavigationBarLogo.png */,
				3DF20DA615BBAD9400A9CCBE /* addwidget.png */,
				3DF20DA715BBAD9400A9CCBE /* addwidget@2x.png */,
			);
			name = Assets;
			sourceTree = "<group>";
		};
/* End PBXGroup section */

/* Begin PBXNativeTarget section */
		3DC0810715BB84CD003BB12C /* SlideDash */ = {
			isa = PBXNativeTarget;
			buildConfigurationList = 3DC0812615BB84CD003BB12C /* Build configuration list for PBXNativeTarget "SlideDash" */;
			buildPhases = (
				3DC0810415BB84CD003BB12C /* Sources */,
				3DC0810515BB84CD003BB12C /* Frameworks */,
				3DC0810615BB84CD003BB12C /* Resources */,
			);
			buildRules = (
			);
			dependencies = (
			);
			name = SlideDash;
			productName = SlideDash;
			productReference = 3DC0810815BB84CD003BB12C /* SlideDash.app */;
			productType = "com.apple.product-type.application";
		};
/* End PBXNativeTarget section */

/* Begin PBXProject section */
		3DC080FF15BB84CD003BB12C /* Project object */ = {
			isa = PBXProject;
			attributes = {
				LastUpgradeCheck = 0440;
				ORGANIZATIONNAME = teamslide;
			};
			buildConfigurationList = 3DC0810215BB84CD003BB12C /* Build configuration list for PBXProject "SlideDash" */;
			compatibilityVersion = "Xcode 3.2";
			developmentRegion = English;
			hasScannedForEncodings = 0;
			knownRegions = (
				en,
			);
			mainGroup = 3DC080FD15BB84CD003BB12C;
			productRefGroup = 3DC0810915BB84CD003BB12C /* Products */;
			projectDirPath = "";
			projectRoot = "";
			targets = (
				3DC0810715BB84CD003BB12C /* SlideDash */,
			);
		};
/* End PBXProject section */

/* Begin PBXResourcesBuildPhase section */
		3DC0810615BB84CD003BB12C /* Resources */ = {
			isa = PBXResourcesBuildPhase;
			buildActionMask = 2147483647;
			files = (
				3DC0811715BB84CD003BB12C /* InfoPlist.strings in Resources */,
				3D2DECB315BB859E002111B7 /* MainStoryboard.storyboard in Resources */,
				D693A10015BB871F00101222 /* FBiOSSDKResources.bundle in Resources */,
			);
			runOnlyForDeploymentPostprocessing = 0;
		};
/* End PBXResourcesBuildPhase section */

/* Begin PBXSourcesBuildPhase section */
		3DC0810415BB84CD003BB12C /* Sources */ = {
			isa = PBXSourcesBuildPhase;
			buildActionMask = 2147483647;
			files = (
				3DC75A5B15BBF72800048BFF /* WidgetCell.m in Sources */,
				3DC75A5C15BBF72800048BFF /* SelectWidgetViewController.m in Sources */,
				3DC75A5915BBF72000048BFF /* DashboardViewController.m in Sources */,
				3D9C319F15BBC2D600A52ADA /* WeatherViewController.m in Sources */,
				3DC0811915BB84CD003BB12C /* main.m in Sources */,
				3DC0811D15BB84CD003BB12C /* AppDelegate.m in Sources */,
				3D2DECB215BB859E002111B7 /* MainViewController.m in Sources */,
				3D2DECB415BB859E002111B7 /* PageViewManager.m in Sources */,
				D693A10B15BB8AA200101222 /* FacebookViewController.m in Sources */,
				D6F1C1EF15BBFA3F00B65C21 /* EventsModel.m in Sources */,
				D6A3816515BC1E1D00BD2F94 /* ISO8601DateFormatter.m in Sources */,
			);
			runOnlyForDeploymentPostprocessing = 0;
		};
/* End PBXSourcesBuildPhase section */

/* Begin PBXVariantGroup section */
		3DC0811515BB84CD003BB12C /* InfoPlist.strings */ = {
			isa = PBXVariantGroup;
			children = (
				3DC0811615BB84CD003BB12C /* en */,
			);
			name = InfoPlist.strings;
			sourceTree = "<group>";
		};
/* End PBXVariantGroup section */

/* Begin XCBuildConfiguration section */
		3DC0812415BB84CD003BB12C /* Debug */ = {
			isa = XCBuildConfiguration;
			buildSettings = {
				ALWAYS_SEARCH_USER_PATHS = NO;
				ARCHS = "$(ARCHS_STANDARD_32_BIT)";
				CLANG_CXX_LANGUAGE_STANDARD = "gnu++0x";
				CLANG_ENABLE_OBJC_ARC = YES;
				CLANG_WARN__DUPLICATE_METHOD_MATCH = YES;
				"CODE_SIGN_IDENTITY[sdk=iphoneos*]" = "iPhone Developer";
				COPY_PHASE_STRIP = NO;
				GCC_C_LANGUAGE_STANDARD = gnu99;
				GCC_DYNAMIC_NO_PIC = NO;
				GCC_OPTIMIZATION_LEVEL = 0;
				GCC_PREPROCESSOR_DEFINITIONS = (
					"DEBUG=1",
					"$(inherited)",
				);
				GCC_SYMBOLS_PRIVATE_EXTERN = NO;
				GCC_VERSION = com.apple.compilers.llvm.clang.1_0;
				GCC_WARN_ABOUT_RETURN_TYPE = YES;
				GCC_WARN_UNINITIALIZED_AUTOS = YES;
				GCC_WARN_UNUSED_VARIABLE = YES;
				IPHONEOS_DEPLOYMENT_TARGET = 5.1;
				SDKROOT = iphoneos;
			};
			name = Debug;
		};
		3DC0812515BB84CD003BB12C /* Release */ = {
			isa = XCBuildConfiguration;
			buildSettings = {
				ALWAYS_SEARCH_USER_PATHS = NO;
				ARCHS = "$(ARCHS_STANDARD_32_BIT)";
				CLANG_CXX_LANGUAGE_STANDARD = "gnu++0x";
				CLANG_ENABLE_OBJC_ARC = YES;
				CLANG_WARN__DUPLICATE_METHOD_MATCH = YES;
				"CODE_SIGN_IDENTITY[sdk=iphoneos*]" = "iPhone Developer";
				COPY_PHASE_STRIP = YES;
				GCC_C_LANGUAGE_STANDARD = gnu99;
				GCC_VERSION = com.apple.compilers.llvm.clang.1_0;
				GCC_WARN_ABOUT_RETURN_TYPE = YES;
				GCC_WARN_UNINITIALIZED_AUTOS = YES;
				GCC_WARN_UNUSED_VARIABLE = YES;
				IPHONEOS_DEPLOYMENT_TARGET = 5.1;
				OTHER_CFLAGS = "-DNS_BLOCK_ASSERTIONS=1";
				SDKROOT = iphoneos;
				VALIDATE_PRODUCT = YES;
			};
			name = Release;
		};
		3DC0812715BB84CD003BB12C /* Debug */ = {
			isa = XCBuildConfiguration;
			buildSettings = {
				FRAMEWORK_SEARCH_PATHS = (
					"$(inherited)",
					"\"$(SRCROOT)/SlideDash\"",
				);
				GCC_PRECOMPILE_PREFIX_HEADER = YES;
				GCC_PREFIX_HEADER = "SlideDash/SlideDash-Prefix.pch";
				INFOPLIST_FILE = "$(SRCROOT)/SlideDash/SlideDash-Info.plist";
				OTHER_LDFLAGS = "-lsqlite3.0";
				PRODUCT_NAME = "$(TARGET_NAME)";
				WRAPPER_EXTENSION = app;
			};
			name = Debug;
		};
		3DC0812815BB84CD003BB12C /* Release */ = {
			isa = XCBuildConfiguration;
			buildSettings = {
				FRAMEWORK_SEARCH_PATHS = (
					"$(inherited)",
					"\"$(SRCROOT)/SlideDash\"",
				);
				GCC_PRECOMPILE_PREFIX_HEADER = YES;
				GCC_PREFIX_HEADER = "SlideDash/SlideDash-Prefix.pch";
				INFOPLIST_FILE = "$(SRCROOT)/SlideDash/SlideDash-Info.plist";
				OTHER_LDFLAGS = "-lsqlite3.0";
				PRODUCT_NAME = "$(TARGET_NAME)";
				WRAPPER_EXTENSION = app;
			};
			name = Release;
		};
/* End XCBuildConfiguration section */

/* Begin XCConfigurationList section */
		3DC0810215BB84CD003BB12C /* Build configuration list for PBXProject "SlideDash" */ = {
			isa = XCConfigurationList;
			buildConfigurations = (
				3DC0812415BB84CD003BB12C /* Debug */,
				3DC0812515BB84CD003BB12C /* Release */,
			);
			defaultConfigurationIsVisible = 0;
			defaultConfigurationName = Release;
		};
		3DC0812615BB84CD003BB12C /* Build configuration list for PBXNativeTarget "SlideDash" */ = {
			isa = XCConfigurationList;
			buildConfigurations = (
				3DC0812715BB84CD003BB12C /* Debug */,
				3DC0812815BB84CD003BB12C /* Release */,
			);
			defaultConfigurationIsVisible = 0;
			defaultConfigurationName = Release;
		};
/* End XCConfigurationList section */
	};
	rootObject = 3DC080FF15BB84CD003BB12C /* Project object */;
}
